
Microsoft Visual Studio Solution File, Format Version 12.00
# Visual Studio Express 2012 for Windows Desktop
Project("{FAE04EC0-301F-11D3-BF4B-00C04F79EFBC}") = "PVRecords_Test", "PVRecords_Test\PVRecords_Test.csproj", "{DAF842AE-7405-4C84-A768-5B0D31635DF6}"
EndProject
Project("{2150E333-8FDC-42A3-9474-1A3956D46DE8}") = "Solution Items", "Solution Items", "{EED3B779-251F-4FCF-804A-EC9974E82A27}"
	ProjectSection(SolutionItems) = preProject
		Local.testsettings = Local.testsettings
		PVBeanCounter.vsmdi = PVBeanCounter.vsmdi
		TraceAndTestImpact.testsettings = TraceAndTestImpact.testsettings
	EndProjectSection
EndProject
Project("{FAE04EC0-301F-11D3-BF4B-00C04F79EFBC}") = "GenericConnector", "GenericConnector\GenericConnector.csproj", "{4A468B24-819A-41EC-A659-931CC301614A}"
EndProject
Project("{FAE04EC0-301F-11D3-BF4B-00C04F79EFBC}") = "PVService", "PVService\PVService.csproj", "{8222EAC6-6D52-4796-BC38-1F614E8B7186}"
	ProjectSection(ProjectDependencies) = postProject
		{4A468B24-819A-41EC-A659-931CC301614A} = {4A468B24-819A-41EC-A659-931CC301614A}
	EndProjectSection
EndProject
Project("{FAE04EC0-301F-11D3-BF4B-00C04F79EFBC}") = "PVInverterManagement", "PVInverterManagement\PVInverterManagement.csproj", "{64401473-B5F1-461A-B6E8-6B61899E2CB1}"
EndProject
Project("{FAE04EC0-301F-11D3-BF4B-00C04F79EFBC}") = "PVBeanCounter", "PVBeanCounter\PVBeanCounter.csproj", "{C2698766-3177-46A5-8C1E-7BBD86AD4838}"
EndProject
Project("{FAE04EC0-301F-11D3-BF4B-00C04F79EFBC}") = "PVSettings", "PVSettings\PVSettings.csproj", "{D7E2C08A-626E-4A23-9940-B1CFEF0C3551}"
EndProject
Project("{FAE04EC0-301F-11D3-BF4B-00C04F79EFBC}") = "Utilities", "Utilities\Utilities.csproj", "{FA2A76A5-E2D6-4CF0-AC09-0C7676D8710E}"
EndProject
Project("{FAE04EC0-301F-11D3-BF4B-00C04F79EFBC}") = "Mischel.Synchronization", "Mischel.Synchronization\Mischel.Synchronization.csproj", "{B1A6123B-5CAA-4A36-A314-BB12CE15D9F7}"
EndProject
Project("{FAE04EC0-301F-11D3-BF4B-00C04F79EFBC}") = "DeviceStream", "DeviceStream\DeviceStream.csproj", "{77E337F9-6DA8-455A-8258-F91938FBBBEA}"
EndProject
Project("{FAE04EC0-301F-11D3-BF4B-00C04F79EFBC}") = "Conversations", "Conversations\Conversations.csproj", "{C1962B9B-FC4F-4D06-94E6-1E3EC922F4C0}"
EndProject
Project("{FAE04EC0-301F-11D3-BF4B-00C04F79EFBC}") = "DatabaseManager", "DatabaseManager\DatabaseManager.csproj", "{CE030A79-6D85-49ED-9610-CBCC4BB6B3AB}"
EndProject
Project("{FAE04EC0-301F-11D3-BF4B-00C04F79EFBC}") = "DeviceEmulator", "DeviceEmulator\DeviceEmulator.csproj", "{89BC88B8-D8AC-4BE7-815B-B08D0C59BE71}"
EndProject
Project("{FAE04EC0-301F-11D3-BF4B-00C04F79EFBC}") = "GenThreadManagement", "GenThreadManager\GenThreadManagement.csproj", "{172198EC-3C56-46B4-B7EE-9892A4BECA44}"
EndProject
Project("{FAE04EC0-301F-11D3-BF4B-00C04F79EFBC}") = "DatabaseUtilities", "DatabaseUtilities\DatabaseUtilities.csproj", "{4D49CB96-3BA6-45EF-9CD0-F935D2F7648B}"
EndProject
Project("{FAE04EC0-301F-11D3-BF4B-00C04F79EFBC}") = "LsaWrapper", "LsaWrapper\LsaWrapper.csproj", "{B4A8EA4E-A804-4C7D-89D4-7C1A77A2AC36}"
EndProject
Project("{FAE04EC0-301F-11D3-BF4B-00C04F79EFBC}") = "ServiceModelEx", "ServiceModelEx\ServiceModelEx.csproj", "{0858C710-AF53-4049-B98E-CFE3638D1228}"
EndProject
Project("{FAE04EC0-301F-11D3-BF4B-00C04F79EFBC}") = "PVMonitor", "PVMonitor\PVMonitor.csproj", "{7C4B3756-8294-4594-9908-0785E51C2D7B}"
EndProject
Project("{FAE04EC0-301F-11D3-BF4B-00C04F79EFBC}") = "PVPublisherInteractive", "PVPublisherInteractive\PVPublisherInteractive.csproj", "{3812ECB3-23DD-4281-A279-3C0729508315}"
EndProject
Project("{FAE04EC0-301F-11D3-BF4B-00C04F79EFBC}") = "EnergyDisplayControls", "EnergyDisplayControls\EnergyDisplayControls.csproj", "{59638A98-D6B6-4919-82CD-475CAA84D2C3}"
EndProject
Project("{FAE04EC0-301F-11D3-BF4B-00C04F79EFBC}") = "EnergyDisplayControlsTester", "EnergyDisplayControlsTester\EnergyDisplayControlsTester.csproj", "{33452551-35FD-49E2-8A98-DA3213807245}"
EndProject
Project("{FAE04EC0-301F-11D3-BF4B-00C04F79EFBC}") = "PVPublisherService", "PVPublisherService\PVPublisherService.csproj", "{59461243-FBE7-46C6-900E-EB90A4F8123F}"
EndProject
Project("{FAE04EC0-301F-11D3-BF4B-00C04F79EFBC}") = "DeviceControl", "DeviceControl\DeviceControl.csproj", "{827ED39D-DD2A-4122-8DBE-7D80B162FE08}"
EndProject
Project("{FAE04EC0-301F-11D3-BF4B-00C04F79EFBC}") = "PVBCInterfaces", "PVBCInterfaces\PVBCInterfaces.csproj", "{24084674-6354-4FA9-93F7-D7B4EA65076A}"
EndProject
Project("{FAE04EC0-301F-11D3-BF4B-00C04F79EFBC}") = "TimeControl", "TimeControl\TimeControl.csproj", "{5D4639AF-D15A-40A7-B283-844C9DE2CC20}"
EndProject
Project("{FAE04EC0-301F-11D3-BF4B-00C04F79EFBC}") = "Algorithms", "Algorithms\Algorithms.csproj", "{F7BDB536-0CB3-4636-ACDA-5ACBD17CB64B}"
EndProject
Project("{FAE04EC0-301F-11D3-BF4B-00C04F79EFBC}") = "OutputManagers", "OutputManagers\OutputManagers.csproj", "{C2FA93DC-4C6A-46AC-A266-F086D90AC294}"
EndProject
Global
	GlobalSection(TestCaseManagementSettings) = postSolution
		CategoryFile = PVBeanCounter.vsmdi
	EndGlobalSection
	GlobalSection(SolutionConfigurationPlatforms) = preSolution
		CD_ROM|Any CPU = CD_ROM|Any CPU
		CD_ROM|Mixed Platforms = CD_ROM|Mixed Platforms
		CD_ROM|x64 = CD_ROM|x64
		CD_ROM|x86 = CD_ROM|x86
		Debug|Any CPU = Debug|Any CPU
		Debug|Mixed Platforms = Debug|Mixed Platforms
		Debug|x64 = Debug|x64
		Debug|x86 = Debug|x86
		DVD-5|Any CPU = DVD-5|Any CPU
		DVD-5|Mixed Platforms = DVD-5|Mixed Platforms
		DVD-5|x64 = DVD-5|x64
		DVD-5|x86 = DVD-5|x86
		Release|Any CPU = Release|Any CPU
		Release|Mixed Platforms = Release|Mixed Platforms
		Release|x64 = Release|x64
		Release|x86 = Release|x86
		Release2|Any CPU = Release2|Any CPU
		Release2|Mixed Platforms = Release2|Mixed Platforms
		Release2|x64 = Release2|x64
		Release2|x86 = Release2|x86
		SingleImage|Any CPU = SingleImage|Any CPU
		SingleImage|Mixed Platforms = SingleImage|Mixed Platforms
		SingleImage|x64 = SingleImage|x64
		SingleImage|x86 = SingleImage|x86
		Description = Counter of Beans
	EndGlobalSection
	GlobalSection(ProjectConfigurationPlatforms) = postSolution
		{DAF842AE-7405-4C84-A768-5B0D31635DF6}.CD_ROM|Any CPU.ActiveCfg = Release|x86
		{DAF842AE-7405-4C84-A768-5B0D31635DF6}.CD_ROM|Mixed Platforms.ActiveCfg = Release|x86
		{DAF842AE-7405-4C84-A768-5B0D31635DF6}.CD_ROM|Mixed Platforms.Build.0 = Release|x86
		{DAF842AE-7405-4C84-A768-5B0D31635DF6}.CD_ROM|x64.ActiveCfg = Release|x86
		{DAF842AE-7405-4C84-A768-5B0D31635DF6}.CD_ROM|x86.ActiveCfg = Release|Any CPU
		{DAF842AE-7405-4C84-A768-5B0D31635DF6}.Debug|Any CPU.ActiveCfg = Debug|Any CPU
		{DAF842AE-7405-4C84-A768-5B0D31635DF6}.Debug|Mixed Platforms.ActiveCfg = Debug|x86
		{DAF842AE-7405-4C84-A768-5B0D31635DF6}.Debug|Mixed Platforms.Build.0 = Debug|x86
		{DAF842AE-7405-4C84-A768-5B0D31635DF6}.Debug|x64.ActiveCfg = Debug|x64
		{DAF842AE-7405-4C84-A768-5B0D31635DF6}.Debug|x86.ActiveCfg = Debug|x86
		{DAF842AE-7405-4C84-A768-5B0D31635DF6}.DVD-5|Any CPU.ActiveCfg = Debug|x86
		{DAF842AE-7405-4C84-A768-5B0D31635DF6}.DVD-5|Mixed Platforms.ActiveCfg = Debug|x86
		{DAF842AE-7405-4C84-A768-5B0D31635DF6}.DVD-5|Mixed Platforms.Build.0 = Debug|x86
		{DAF842AE-7405-4C84-A768-5B0D31635DF6}.DVD-5|x64.ActiveCfg = Debug|x86
		{DAF842AE-7405-4C84-A768-5B0D31635DF6}.DVD-5|x86.ActiveCfg = Debug|Any CPU
		{DAF842AE-7405-4C84-A768-5B0D31635DF6}.Release|Any CPU.ActiveCfg = Release|Any CPU
		{DAF842AE-7405-4C84-A768-5B0D31635DF6}.Release|Mixed Platforms.ActiveCfg = Release|x86
		{DAF842AE-7405-4C84-A768-5B0D31635DF6}.Release|Mixed Platforms.Build.0 = Release|x86
		{DAF842AE-7405-4C84-A768-5B0D31635DF6}.Release|x64.ActiveCfg = Release|x64
		{DAF842AE-7405-4C84-A768-5B0D31635DF6}.Release|x86.ActiveCfg = Release|x86
		{DAF842AE-7405-4C84-A768-5B0D31635DF6}.Release2|Any CPU.ActiveCfg = Release|x86
		{DAF842AE-7405-4C84-A768-5B0D31635DF6}.Release2|Mixed Platforms.ActiveCfg = Release|x86
		{DAF842AE-7405-4C84-A768-5B0D31635DF6}.Release2|Mixed Platforms.Build.0 = Release|x86
		{DAF842AE-7405-4C84-A768-5B0D31635DF6}.Release2|x64.ActiveCfg = Release|x86
		{DAF842AE-7405-4C84-A768-5B0D31635DF6}.Release2|x86.ActiveCfg = Release|x86
		{DAF842AE-7405-4C84-A768-5B0D31635DF6}.Release2|x86.Build.0 = Release|x86
		{DAF842AE-7405-4C84-A768-5B0D31635DF6}.SingleImage|Any CPU.ActiveCfg = Release|x86
		{DAF842AE-7405-4C84-A768-5B0D31635DF6}.SingleImage|Mixed Platforms.ActiveCfg = Release|x86
		{DAF842AE-7405-4C84-A768-5B0D31635DF6}.SingleImage|Mixed Platforms.Build.0 = Release|x86
		{DAF842AE-7405-4C84-A768-5B0D31635DF6}.SingleImage|x64.ActiveCfg = Release|x86
		{DAF842AE-7405-4C84-A768-5B0D31635DF6}.SingleImage|x86.ActiveCfg = Release|Any CPU
		{4A468B24-819A-41EC-A659-931CC301614A}.CD_ROM|Any CPU.ActiveCfg = Release|x86
		{4A468B24-819A-41EC-A659-931CC301614A}.CD_ROM|Mixed Platforms.ActiveCfg = Release|x86
		{4A468B24-819A-41EC-A659-931CC301614A}.CD_ROM|Mixed Platforms.Build.0 = Release|x86
		{4A468B24-819A-41EC-A659-931CC301614A}.CD_ROM|x64.ActiveCfg = Release|x86
		{4A468B24-819A-41EC-A659-931CC301614A}.CD_ROM|x86.ActiveCfg = Release|Any CPU
		{4A468B24-819A-41EC-A659-931CC301614A}.Debug|Any CPU.ActiveCfg = Debug|Any CPU
		{4A468B24-819A-41EC-A659-931CC301614A}.Debug|Any CPU.Build.0 = Debug|Any CPU
		{4A468B24-819A-41EC-A659-931CC301614A}.Debug|Mixed Platforms.ActiveCfg = Debug|x86
		{4A468B24-819A-41EC-A659-931CC301614A}.Debug|Mixed Platforms.Build.0 = Debug|x86
		{4A468B24-819A-41EC-A659-931CC301614A}.Debug|x64.ActiveCfg = Debug|x64
		{4A468B24-819A-41EC-A659-931CC301614A}.Debug|x64.Build.0 = Debug|x64
		{4A468B24-819A-41EC-A659-931CC301614A}.Debug|x86.ActiveCfg = Debug|x86
		{4A468B24-819A-41EC-A659-931CC301614A}.Debug|x86.Build.0 = Debug|x86
		{4A468B24-819A-41EC-A659-931CC301614A}.DVD-5|Any CPU.ActiveCfg = Debug|x86
		{4A468B24-819A-41EC-A659-931CC301614A}.DVD-5|Mixed Platforms.ActiveCfg = Debug|x86
		{4A468B24-819A-41EC-A659-931CC301614A}.DVD-5|Mixed Platforms.Build.0 = Debug|x86
		{4A468B24-819A-41EC-A659-931CC301614A}.DVD-5|x64.ActiveCfg = Debug|x86
		{4A468B24-819A-41EC-A659-931CC301614A}.DVD-5|x86.ActiveCfg = Debug|Any CPU
		{4A468B24-819A-41EC-A659-931CC301614A}.Release|Any CPU.ActiveCfg = Release|Any CPU
		{4A468B24-819A-41EC-A659-931CC301614A}.Release|Any CPU.Build.0 = Release|Any CPU
		{4A468B24-819A-41EC-A659-931CC301614A}.Release|Mixed Platforms.ActiveCfg = Release|x86
		{4A468B24-819A-41EC-A659-931CC301614A}.Release|Mixed Platforms.Build.0 = Release|x86
		{4A468B24-819A-41EC-A659-931CC301614A}.Release|x64.ActiveCfg = Release|x64
		{4A468B24-819A-41EC-A659-931CC301614A}.Release|x64.Build.0 = Release|x64
		{4A468B24-819A-41EC-A659-931CC301614A}.Release|x86.ActiveCfg = Release|x86
		{4A468B24-819A-41EC-A659-931CC301614A}.Release|x86.Build.0 = Release|x86
		{4A468B24-819A-41EC-A659-931CC301614A}.Release2|Any CPU.ActiveCfg = Release|x86
		{4A468B24-819A-41EC-A659-931CC301614A}.Release2|Mixed Platforms.ActiveCfg = Release|x86
		{4A468B24-819A-41EC-A659-931CC301614A}.Release2|Mixed Platforms.Build.0 = Release|x86
		{4A468B24-819A-41EC-A659-931CC301614A}.Release2|x64.ActiveCfg = Release|x86
		{4A468B24-819A-41EC-A659-931CC301614A}.Release2|x86.ActiveCfg = Release|x86
		{4A468B24-819A-41EC-A659-931CC301614A}.Release2|x86.Build.0 = Release|x86
		{4A468B24-819A-41EC-A659-931CC301614A}.SingleImage|Any CPU.ActiveCfg = Release|x86
		{4A468B24-819A-41EC-A659-931CC301614A}.SingleImage|Mixed Platforms.ActiveCfg = Release|x86
		{4A468B24-819A-41EC-A659-931CC301614A}.SingleImage|Mixed Platforms.Build.0 = Release|x86
		{4A468B24-819A-41EC-A659-931CC301614A}.SingleImage|x64.ActiveCfg = Release|x86
		{4A468B24-819A-41EC-A659-931CC301614A}.SingleImage|x86.ActiveCfg = Release|Any CPU
		{8222EAC6-6D52-4796-BC38-1F614E8B7186}.CD_ROM|Any CPU.ActiveCfg = Release|Any CPU
		{8222EAC6-6D52-4796-BC38-1F614E8B7186}.CD_ROM|Any CPU.Build.0 = Release|Any CPU
		{8222EAC6-6D52-4796-BC38-1F614E8B7186}.CD_ROM|Mixed Platforms.ActiveCfg = Release|Any CPU
		{8222EAC6-6D52-4796-BC38-1F614E8B7186}.CD_ROM|Mixed Platforms.Build.0 = Release|Any CPU
		{8222EAC6-6D52-4796-BC38-1F614E8B7186}.CD_ROM|x64.ActiveCfg = Release|Any CPU
		{8222EAC6-6D52-4796-BC38-1F614E8B7186}.CD_ROM|x86.ActiveCfg = Release|x86
		{8222EAC6-6D52-4796-BC38-1F614E8B7186}.CD_ROM|x86.Build.0 = Release|x86
		{8222EAC6-6D52-4796-BC38-1F614E8B7186}.Debug|Any CPU.ActiveCfg = Debug|Any CPU
		{8222EAC6-6D52-4796-BC38-1F614E8B7186}.Debug|Any CPU.Build.0 = Debug|Any CPU
		{8222EAC6-6D52-4796-BC38-1F614E8B7186}.Debug|Mixed Platforms.ActiveCfg = Debug|Any CPU
		{8222EAC6-6D52-4796-BC38-1F614E8B7186}.Debug|Mixed Platforms.Build.0 = Debug|Any CPU
		{8222EAC6-6D52-4796-BC38-1F614E8B7186}.Debug|x64.ActiveCfg = Debug|x64
		{8222EAC6-6D52-4796-BC38-1F614E8B7186}.Debug|x64.Build.0 = Debug|x64
		{8222EAC6-6D52-4796-BC38-1F614E8B7186}.Debug|x86.ActiveCfg = Debug|x86
		{8222EAC6-6D52-4796-BC38-1F614E8B7186}.Debug|x86.Build.0 = Debug|x86
		{8222EAC6-6D52-4796-BC38-1F614E8B7186}.DVD-5|Any CPU.ActiveCfg = Debug|Any CPU
		{8222EAC6-6D52-4796-BC38-1F614E8B7186}.DVD-5|Any CPU.Build.0 = Debug|Any CPU
		{8222EAC6-6D52-4796-BC38-1F614E8B7186}.DVD-5|Mixed Platforms.ActiveCfg = Debug|Any CPU
		{8222EAC6-6D52-4796-BC38-1F614E8B7186}.DVD-5|Mixed Platforms.Build.0 = Debug|Any CPU
		{8222EAC6-6D52-4796-BC38-1F614E8B7186}.DVD-5|x64.ActiveCfg = Debug|Any CPU
		{8222EAC6-6D52-4796-BC38-1F614E8B7186}.DVD-5|x86.ActiveCfg = Debug|x86
		{8222EAC6-6D52-4796-BC38-1F614E8B7186}.DVD-5|x86.Build.0 = Debug|x86
		{8222EAC6-6D52-4796-BC38-1F614E8B7186}.Release|Any CPU.ActiveCfg = Release|Any CPU
		{8222EAC6-6D52-4796-BC38-1F614E8B7186}.Release|Any CPU.Build.0 = Release|Any CPU
		{8222EAC6-6D52-4796-BC38-1F614E8B7186}.Release|Mixed Platforms.ActiveCfg = Release|Any CPU
		{8222EAC6-6D52-4796-BC38-1F614E8B7186}.Release|Mixed Platforms.Build.0 = Release|Any CPU
		{8222EAC6-6D52-4796-BC38-1F614E8B7186}.Release|x64.ActiveCfg = Release|x64
		{8222EAC6-6D52-4796-BC38-1F614E8B7186}.Release|x64.Build.0 = Release|x64
		{8222EAC6-6D52-4796-BC38-1F614E8B7186}.Release|x86.ActiveCfg = Release|x86
		{8222EAC6-6D52-4796-BC38-1F614E8B7186}.Release|x86.Build.0 = Release|x86
		{8222EAC6-6D52-4796-BC38-1F614E8B7186}.Release2|Any CPU.ActiveCfg = Release|Any CPU
		{8222EAC6-6D52-4796-BC38-1F614E8B7186}.Release2|Any CPU.Build.0 = Release|Any CPU
		{8222EAC6-6D52-4796-BC38-1F614E8B7186}.Release2|Mixed Platforms.ActiveCfg = Release|Any CPU
		{8222EAC6-6D52-4796-BC38-1F614E8B7186}.Release2|Mixed Platforms.Build.0 = Release|Any CPU
		{8222EAC6-6D52-4796-BC38-1F614E8B7186}.Release2|x64.ActiveCfg = Release|Any CPU
		{8222EAC6-6D52-4796-BC38-1F614E8B7186}.Release2|x86.ActiveCfg = Release|Any CPU
		{8222EAC6-6D52-4796-BC38-1F614E8B7186}.SingleImage|Any CPU.ActiveCfg = Release|Any CPU
		{8222EAC6-6D52-4796-BC38-1F614E8B7186}.SingleImage|Any CPU.Build.0 = Release|Any CPU
		{8222EAC6-6D52-4796-BC38-1F614E8B7186}.SingleImage|Mixed Platforms.ActiveCfg = Release|Any CPU
		{8222EAC6-6D52-4796-BC38-1F614E8B7186}.SingleImage|Mixed Platforms.Build.0 = Release|Any CPU
		{8222EAC6-6D52-4796-BC38-1F614E8B7186}.SingleImage|x64.ActiveCfg = Release|Any CPU
		{8222EAC6-6D52-4796-BC38-1F614E8B7186}.SingleImage|x86.ActiveCfg = Release|x86
		{8222EAC6-6D52-4796-BC38-1F614E8B7186}.SingleImage|x86.Build.0 = Release|x86
		{64401473-B5F1-461A-B6E8-6B61899E2CB1}.CD_ROM|Any CPU.ActiveCfg = Release|x86
		{64401473-B5F1-461A-B6E8-6B61899E2CB1}.CD_ROM|Mixed Platforms.ActiveCfg = Release|x86
		{64401473-B5F1-461A-B6E8-6B61899E2CB1}.CD_ROM|Mixed Platforms.Build.0 = Release|x86
		{64401473-B5F1-461A-B6E8-6B61899E2CB1}.CD_ROM|x64.ActiveCfg = Release|x86
		{64401473-B5F1-461A-B6E8-6B61899E2CB1}.CD_ROM|x86.ActiveCfg = Release|Any CPU
		{64401473-B5F1-461A-B6E8-6B61899E2CB1}.Debug|Any CPU.ActiveCfg = Debug|Any CPU
		{64401473-B5F1-461A-B6E8-6B61899E2CB1}.Debug|Any CPU.Build.0 = Debug|Any CPU
		{64401473-B5F1-461A-B6E8-6B61899E2CB1}.Debug|Mixed Platforms.ActiveCfg = Debug|x86
		{64401473-B5F1-461A-B6E8-6B61899E2CB1}.Debug|Mixed Platforms.Build.0 = Debug|x86
		{64401473-B5F1-461A-B6E8-6B61899E2CB1}.Debug|x64.ActiveCfg = Debug|x64
		{64401473-B5F1-461A-B6E8-6B61899E2CB1}.Debug|x64.Build.0 = Debug|x64
		{64401473-B5F1-461A-B6E8-6B61899E2CB1}.Debug|x86.ActiveCfg = Debug|x86
		{64401473-B5F1-461A-B6E8-6B61899E2CB1}.Debug|x86.Build.0 = Debug|x86
		{64401473-B5F1-461A-B6E8-6B61899E2CB1}.DVD-5|Any CPU.ActiveCfg = Debug|x86
		{64401473-B5F1-461A-B6E8-6B61899E2CB1}.DVD-5|Mixed Platforms.ActiveCfg = Debug|x86
		{64401473-B5F1-461A-B6E8-6B61899E2CB1}.DVD-5|Mixed Platforms.Build.0 = Debug|x86
		{64401473-B5F1-461A-B6E8-6B61899E2CB1}.DVD-5|x64.ActiveCfg = Debug|x86
		{64401473-B5F1-461A-B6E8-6B61899E2CB1}.DVD-5|x86.ActiveCfg = Debug|Any CPU
		{64401473-B5F1-461A-B6E8-6B61899E2CB1}.Release|Any CPU.ActiveCfg = Release|Any CPU
		{64401473-B5F1-461A-B6E8-6B61899E2CB1}.Release|Any CPU.Build.0 = Release|Any CPU
		{64401473-B5F1-461A-B6E8-6B61899E2CB1}.Release|Mixed Platforms.ActiveCfg = Release|x86
		{64401473-B5F1-461A-B6E8-6B61899E2CB1}.Release|Mixed Platforms.Build.0 = Release|x86
		{64401473-B5F1-461A-B6E8-6B61899E2CB1}.Release|x64.ActiveCfg = Release|x64
		{64401473-B5F1-461A-B6E8-6B61899E2CB1}.Release|x64.Build.0 = Release|x64
		{64401473-B5F1-461A-B6E8-6B61899E2CB1}.Release|x86.ActiveCfg = Release|x86
		{64401473-B5F1-461A-B6E8-6B61899E2CB1}.Release|x86.Build.0 = Release|x86
		{64401473-B5F1-461A-B6E8-6B61899E2CB1}.Release2|Any CPU.ActiveCfg = Release|x86
		{64401473-B5F1-461A-B6E8-6B61899E2CB1}.Release2|Mixed Platforms.ActiveCfg = Release|x86
		{64401473-B5F1-461A-B6E8-6B61899E2CB1}.Release2|Mixed Platforms.Build.0 = Release|x86
		{64401473-B5F1-461A-B6E8-6B61899E2CB1}.Release2|x64.ActiveCfg = Release|x86
		{64401473-B5F1-461A-B6E8-6B61899E2CB1}.Release2|x86.ActiveCfg = Release|x86
		{64401473-B5F1-461A-B6E8-6B61899E2CB1}.Release2|x86.Build.0 = Release|x86
		{64401473-B5F1-461A-B6E8-6B61899E2CB1}.SingleImage|Any CPU.ActiveCfg = Release|x86
		{64401473-B5F1-461A-B6E8-6B61899E2CB1}.SingleImage|Mixed Platforms.ActiveCfg = Release|x86
		{64401473-B5F1-461A-B6E8-6B61899E2CB1}.SingleImage|Mixed Platforms.Build.0 = Release|x86
		{64401473-B5F1-461A-B6E8-6B61899E2CB1}.SingleImage|x64.ActiveCfg = Release|x86
		{64401473-B5F1-461A-B6E8-6B61899E2CB1}.SingleImage|x86.ActiveCfg = Release|Any CPU
		{C2698766-3177-46A5-8C1E-7BBD86AD4838}.CD_ROM|Any CPU.ActiveCfg = Release|Any CPU
		{C2698766-3177-46A5-8C1E-7BBD86AD4838}.CD_ROM|Any CPU.Build.0 = Release|Any CPU
		{C2698766-3177-46A5-8C1E-7BBD86AD4838}.CD_ROM|Mixed Platforms.ActiveCfg = Release|Any CPU
		{C2698766-3177-46A5-8C1E-7BBD86AD4838}.CD_ROM|Mixed Platforms.Build.0 = Release|Any CPU
		{C2698766-3177-46A5-8C1E-7BBD86AD4838}.CD_ROM|x64.ActiveCfg = Release|Any CPU
		{C2698766-3177-46A5-8C1E-7BBD86AD4838}.CD_ROM|x86.ActiveCfg = Release|x86
		{C2698766-3177-46A5-8C1E-7BBD86AD4838}.CD_ROM|x86.Build.0 = Release|x86
		{C2698766-3177-46A5-8C1E-7BBD86AD4838}.Debug|Any CPU.ActiveCfg = Debug|Any CPU
		{C2698766-3177-46A5-8C1E-7BBD86AD4838}.Debug|Any CPU.Build.0 = Debug|Any CPU
		{C2698766-3177-46A5-8C1E-7BBD86AD4838}.Debug|Mixed Platforms.ActiveCfg = Debug|Any CPU
		{C2698766-3177-46A5-8C1E-7BBD86AD4838}.Debug|Mixed Platforms.Build.0 = Debug|Any CPU
		{C2698766-3177-46A5-8C1E-7BBD86AD4838}.Debug|x64.ActiveCfg = Debug|x64
		{C2698766-3177-46A5-8C1E-7BBD86AD4838}.Debug|x64.Build.0 = Debug|x64
		{C2698766-3177-46A5-8C1E-7BBD86AD4838}.Debug|x86.ActiveCfg = Debug|x86
		{C2698766-3177-46A5-8C1E-7BBD86AD4838}.Debug|x86.Build.0 = Debug|x86
		{C2698766-3177-46A5-8C1E-7BBD86AD4838}.DVD-5|Any CPU.ActiveCfg = Debug|Any CPU
		{C2698766-3177-46A5-8C1E-7BBD86AD4838}.DVD-5|Any CPU.Build.0 = Debug|Any CPU
		{C2698766-3177-46A5-8C1E-7BBD86AD4838}.DVD-5|Mixed Platforms.ActiveCfg = Debug|Any CPU
		{C2698766-3177-46A5-8C1E-7BBD86AD4838}.DVD-5|Mixed Platforms.Build.0 = Debug|Any CPU
		{C2698766-3177-46A5-8C1E-7BBD86AD4838}.DVD-5|x64.ActiveCfg = Debug|Any CPU
		{C2698766-3177-46A5-8C1E-7BBD86AD4838}.DVD-5|x86.ActiveCfg = Debug|x86
		{C2698766-3177-46A5-8C1E-7BBD86AD4838}.DVD-5|x86.Build.0 = Debug|x86
		{C2698766-3177-46A5-8C1E-7BBD86AD4838}.Release|Any CPU.ActiveCfg = Release|Any CPU
		{C2698766-3177-46A5-8C1E-7BBD86AD4838}.Release|Any CPU.Build.0 = Release|Any CPU
		{C2698766-3177-46A5-8C1E-7BBD86AD4838}.Release|Mixed Platforms.ActiveCfg = Release|Any CPU
		{C2698766-3177-46A5-8C1E-7BBD86AD4838}.Release|Mixed Platforms.Build.0 = Release|Any CPU
		{C2698766-3177-46A5-8C1E-7BBD86AD4838}.Release|x64.ActiveCfg = Release|x64
		{C2698766-3177-46A5-8C1E-7BBD86AD4838}.Release|x64.Build.0 = Release|x64
		{C2698766-3177-46A5-8C1E-7BBD86AD4838}.Release|x86.ActiveCfg = Release|x86
		{C2698766-3177-46A5-8C1E-7BBD86AD4838}.Release|x86.Build.0 = Release|x86
		{C2698766-3177-46A5-8C1E-7BBD86AD4838}.Release2|Any CPU.ActiveCfg = Release|Any CPU
		{C2698766-3177-46A5-8C1E-7BBD86AD4838}.Release2|Any CPU.Build.0 = Release|Any CPU
		{C2698766-3177-46A5-8C1E-7BBD86AD4838}.Release2|Mixed Platforms.ActiveCfg = Release|Any CPU
		{C2698766-3177-46A5-8C1E-7BBD86AD4838}.Release2|Mixed Platforms.Build.0 = Release|Any CPU
		{C2698766-3177-46A5-8C1E-7BBD86AD4838}.Release2|x64.ActiveCfg = Release|Any CPU
		{C2698766-3177-46A5-8C1E-7BBD86AD4838}.Release2|x86.ActiveCfg = Release|Any CPU
		{C2698766-3177-46A5-8C1E-7BBD86AD4838}.SingleImage|Any CPU.ActiveCfg = Release|Any CPU
		{C2698766-3177-46A5-8C1E-7BBD86AD4838}.SingleImage|Any CPU.Build.0 = Release|Any CPU
		{C2698766-3177-46A5-8C1E-7BBD86AD4838}.SingleImage|Mixed Platforms.ActiveCfg = Release|Any CPU
		{C2698766-3177-46A5-8C1E-7BBD86AD4838}.SingleImage|Mixed Platforms.Build.0 = Release|Any CPU
		{C2698766-3177-46A5-8C1E-7BBD86AD4838}.SingleImage|x64.ActiveCfg = Release|Any CPU
		{C2698766-3177-46A5-8C1E-7BBD86AD4838}.SingleImage|x86.ActiveCfg = Release|x86
		{C2698766-3177-46A5-8C1E-7BBD86AD4838}.SingleImage|x86.Build.0 = Release|x86
		{D7E2C08A-626E-4A23-9940-B1CFEF0C3551}.CD_ROM|Any CPU.ActiveCfg = Release|x86
		{D7E2C08A-626E-4A23-9940-B1CFEF0C3551}.CD_ROM|Mixed Platforms.ActiveCfg = Release|x86
		{D7E2C08A-626E-4A23-9940-B1CFEF0C3551}.CD_ROM|Mixed Platforms.Build.0 = Release|x86
		{D7E2C08A-626E-4A23-9940-B1CFEF0C3551}.CD_ROM|x64.ActiveCfg = Release|x86
		{D7E2C08A-626E-4A23-9940-B1CFEF0C3551}.CD_ROM|x86.ActiveCfg = Release|Any CPU
		{D7E2C08A-626E-4A23-9940-B1CFEF0C3551}.Debug|Any CPU.ActiveCfg = Debug|Any CPU
		{D7E2C08A-626E-4A23-9940-B1CFEF0C3551}.Debug|Any CPU.Build.0 = Debug|Any CPU
		{D7E2C08A-626E-4A23-9940-B1CFEF0C3551}.Debug|Mixed Platforms.ActiveCfg = Debug|x86
		{D7E2C08A-626E-4A23-9940-B1CFEF0C3551}.Debug|Mixed Platforms.Build.0 = Debug|x86
		{D7E2C08A-626E-4A23-9940-B1CFEF0C3551}.Debug|x64.ActiveCfg = Debug|x64
		{D7E2C08A-626E-4A23-9940-B1CFEF0C3551}.Debug|x64.Build.0 = Debug|x64
		{D7E2C08A-626E-4A23-9940-B1CFEF0C3551}.Debug|x86.ActiveCfg = Debug|x86
		{D7E2C08A-626E-4A23-9940-B1CFEF0C3551}.Debug|x86.Build.0 = Debug|x86
		{D7E2C08A-626E-4A23-9940-B1CFEF0C3551}.DVD-5|Any CPU.ActiveCfg = Debug|x86
		{D7E2C08A-626E-4A23-9940-B1CFEF0C3551}.DVD-5|Mixed Platforms.ActiveCfg = Debug|x86
		{D7E2C08A-626E-4A23-9940-B1CFEF0C3551}.DVD-5|Mixed Platforms.Build.0 = Debug|x86
		{D7E2C08A-626E-4A23-9940-B1CFEF0C3551}.DVD-5|x64.ActiveCfg = Debug|x86
		{D7E2C08A-626E-4A23-9940-B1CFEF0C3551}.DVD-5|x86.ActiveCfg = Debug|Any CPU
		{D7E2C08A-626E-4A23-9940-B1CFEF0C3551}.Release|Any CPU.ActiveCfg = Release|Any CPU
		{D7E2C08A-626E-4A23-9940-B1CFEF0C3551}.Release|Any CPU.Build.0 = Release|Any CPU
		{D7E2C08A-626E-4A23-9940-B1CFEF0C3551}.Release|Mixed Platforms.ActiveCfg = Release|x86
		{D7E2C08A-626E-4A23-9940-B1CFEF0C3551}.Release|Mixed Platforms.Build.0 = Release|x86
		{D7E2C08A-626E-4A23-9940-B1CFEF0C3551}.Release|x64.ActiveCfg = Release|x64
		{D7E2C08A-626E-4A23-9940-B1CFEF0C3551}.Release|x64.Build.0 = Release|x64
		{D7E2C08A-626E-4A23-9940-B1CFEF0C3551}.Release|x86.ActiveCfg = Release|x86
		{D7E2C08A-626E-4A23-9940-B1CFEF0C3551}.Release|x86.Build.0 = Release|x86
		{D7E2C08A-626E-4A23-9940-B1CFEF0C3551}.Release2|Any CPU.ActiveCfg = Release|x86
		{D7E2C08A-626E-4A23-9940-B1CFEF0C3551}.Release2|Mixed Platforms.ActiveCfg = Release|x86
		{D7E2C08A-626E-4A23-9940-B1CFEF0C3551}.Release2|Mixed Platforms.Build.0 = Release|x86
		{D7E2C08A-626E-4A23-9940-B1CFEF0C3551}.Release2|x64.ActiveCfg = Release|x86
		{D7E2C08A-626E-4A23-9940-B1CFEF0C3551}.Release2|x86.ActiveCfg = Release|x86
		{D7E2C08A-626E-4A23-9940-B1CFEF0C3551}.Release2|x86.Build.0 = Release|x86
		{D7E2C08A-626E-4A23-9940-B1CFEF0C3551}.SingleImage|Any CPU.ActiveCfg = Release|x86
		{D7E2C08A-626E-4A23-9940-B1CFEF0C3551}.SingleImage|Mixed Platforms.ActiveCfg = Release|x86
		{D7E2C08A-626E-4A23-9940-B1CFEF0C3551}.SingleImage|Mixed Platforms.Build.0 = Release|x86
		{D7E2C08A-626E-4A23-9940-B1CFEF0C3551}.SingleImage|x64.ActiveCfg = Release|x86
		{D7E2C08A-626E-4A23-9940-B1CFEF0C3551}.SingleImage|x86.ActiveCfg = Release|Any CPU
		{FA2A76A5-E2D6-4CF0-AC09-0C7676D8710E}.CD_ROM|Any CPU.ActiveCfg = Release|x86
		{FA2A76A5-E2D6-4CF0-AC09-0C7676D8710E}.CD_ROM|Mixed Platforms.ActiveCfg = Release|x86
		{FA2A76A5-E2D6-4CF0-AC09-0C7676D8710E}.CD_ROM|Mixed Platforms.Build.0 = Release|x86
		{FA2A76A5-E2D6-4CF0-AC09-0C7676D8710E}.CD_ROM|x64.ActiveCfg = Release|x86
		{FA2A76A5-E2D6-4CF0-AC09-0C7676D8710E}.CD_ROM|x86.ActiveCfg = Release|Any CPU
		{FA2A76A5-E2D6-4CF0-AC09-0C7676D8710E}.Debug|Any CPU.ActiveCfg = Debug|Any CPU
		{FA2A76A5-E2D6-4CF0-AC09-0C7676D8710E}.Debug|Any CPU.Build.0 = Debug|Any CPU
		{FA2A76A5-E2D6-4CF0-AC09-0C7676D8710E}.Debug|Mixed Platforms.ActiveCfg = Debug|x86
		{FA2A76A5-E2D6-4CF0-AC09-0C7676D8710E}.Debug|Mixed Platforms.Build.0 = Debug|x86
		{FA2A76A5-E2D6-4CF0-AC09-0C7676D8710E}.Debug|x64.ActiveCfg = Debug|x64
		{FA2A76A5-E2D6-4CF0-AC09-0C7676D8710E}.Debug|x64.Build.0 = Debug|x64
		{FA2A76A5-E2D6-4CF0-AC09-0C7676D8710E}.Debug|x86.ActiveCfg = Debug|x86
		{FA2A76A5-E2D6-4CF0-AC09-0C7676D8710E}.Debug|x86.Build.0 = Debug|x86
		{FA2A76A5-E2D6-4CF0-AC09-0C7676D8710E}.DVD-5|Any CPU.ActiveCfg = Debug|x86
		{FA2A76A5-E2D6-4CF0-AC09-0C7676D8710E}.DVD-5|Mixed Platforms.ActiveCfg = Debug|x86
		{FA2A76A5-E2D6-4CF0-AC09-0C7676D8710E}.DVD-5|Mixed Platforms.Build.0 = Debug|x86
		{FA2A76A5-E2D6-4CF0-AC09-0C7676D8710E}.DVD-5|x64.ActiveCfg = Debug|x86
		{FA2A76A5-E2D6-4CF0-AC09-0C7676D8710E}.DVD-5|x86.ActiveCfg = Debug|Any CPU
		{FA2A76A5-E2D6-4CF0-AC09-0C7676D8710E}.Release|Any CPU.ActiveCfg = Release|Any CPU
		{FA2A76A5-E2D6-4CF0-AC09-0C7676D8710E}.Release|Any CPU.Build.0 = Release|Any CPU
		{FA2A76A5-E2D6-4CF0-AC09-0C7676D8710E}.Release|Mixed Platforms.ActiveCfg = Release|x86
		{FA2A76A5-E2D6-4CF0-AC09-0C7676D8710E}.Release|Mixed Platforms.Build.0 = Release|x86
		{FA2A76A5-E2D6-4CF0-AC09-0C7676D8710E}.Release|x64.ActiveCfg = Release|x64
		{FA2A76A5-E2D6-4CF0-AC09-0C7676D8710E}.Release|x64.Build.0 = Release|x64
		{FA2A76A5-E2D6-4CF0-AC09-0C7676D8710E}.Release|x86.ActiveCfg = Release|x86
		{FA2A76A5-E2D6-4CF0-AC09-0C7676D8710E}.Release|x86.Build.0 = Release|x86
		{FA2A76A5-E2D6-4CF0-AC09-0C7676D8710E}.Release2|Any CPU.ActiveCfg = Release|x86
		{FA2A76A5-E2D6-4CF0-AC09-0C7676D8710E}.Release2|Mixed Platforms.ActiveCfg = Release|x86
		{FA2A76A5-E2D6-4CF0-AC09-0C7676D8710E}.Release2|Mixed Platforms.Build.0 = Release|x86
		{FA2A76A5-E2D6-4CF0-AC09-0C7676D8710E}.Release2|x64.ActiveCfg = Release|x86
		{FA2A76A5-E2D6-4CF0-AC09-0C7676D8710E}.Release2|x86.ActiveCfg = Release|x86
		{FA2A76A5-E2D6-4CF0-AC09-0C7676D8710E}.Release2|x86.Build.0 = Release|x86
		{FA2A76A5-E2D6-4CF0-AC09-0C7676D8710E}.SingleImage|Any CPU.ActiveCfg = Release|x86
		{FA2A76A5-E2D6-4CF0-AC09-0C7676D8710E}.SingleImage|Mixed Platforms.ActiveCfg = Release|x86
		{FA2A76A5-E2D6-4CF0-AC09-0C7676D8710E}.SingleImage|Mixed Platforms.Build.0 = Release|x86
		{FA2A76A5-E2D6-4CF0-AC09-0C7676D8710E}.SingleImage|x64.ActiveCfg = Release|x86
		{FA2A76A5-E2D6-4CF0-AC09-0C7676D8710E}.SingleImage|x86.ActiveCfg = Release|Any CPU
		{B1A6123B-5CAA-4A36-A314-BB12CE15D9F7}.CD_ROM|Any CPU.ActiveCfg = Release|x64
		{B1A6123B-5CAA-4A36-A314-BB12CE15D9F7}.CD_ROM|Mixed Platforms.ActiveCfg = Release|x86
		{B1A6123B-5CAA-4A36-A314-BB12CE15D9F7}.CD_ROM|Mixed Platforms.Build.0 = Release|x86
		{B1A6123B-5CAA-4A36-A314-BB12CE15D9F7}.CD_ROM|x64.ActiveCfg = Release|x64
		{B1A6123B-5CAA-4A36-A314-BB12CE15D9F7}.CD_ROM|x64.Build.0 = Release|x64
		{B1A6123B-5CAA-4A36-A314-BB12CE15D9F7}.CD_ROM|x86.ActiveCfg = Release|x64
		{B1A6123B-5CAA-4A36-A314-BB12CE15D9F7}.Debug|Any CPU.ActiveCfg = Debug|Any CPU
		{B1A6123B-5CAA-4A36-A314-BB12CE15D9F7}.Debug|Any CPU.Build.0 = Debug|Any CPU
		{B1A6123B-5CAA-4A36-A314-BB12CE15D9F7}.Debug|Mixed Platforms.ActiveCfg = Debug|x86
		{B1A6123B-5CAA-4A36-A314-BB12CE15D9F7}.Debug|Mixed Platforms.Build.0 = Debug|x86
		{B1A6123B-5CAA-4A36-A314-BB12CE15D9F7}.Debug|x64.ActiveCfg = Debug|x64
		{B1A6123B-5CAA-4A36-A314-BB12CE15D9F7}.Debug|x64.Build.0 = Debug|x64
		{B1A6123B-5CAA-4A36-A314-BB12CE15D9F7}.Debug|x86.ActiveCfg = Debug|x86
		{B1A6123B-5CAA-4A36-A314-BB12CE15D9F7}.Debug|x86.Build.0 = Debug|x86
		{B1A6123B-5CAA-4A36-A314-BB12CE15D9F7}.DVD-5|Any CPU.ActiveCfg = Debug|x64
		{B1A6123B-5CAA-4A36-A314-BB12CE15D9F7}.DVD-5|Mixed Platforms.ActiveCfg = Debug|x86
		{B1A6123B-5CAA-4A36-A314-BB12CE15D9F7}.DVD-5|Mixed Platforms.Build.0 = Debug|x86
		{B1A6123B-5CAA-4A36-A314-BB12CE15D9F7}.DVD-5|x64.ActiveCfg = Debug|x64
		{B1A6123B-5CAA-4A36-A314-BB12CE15D9F7}.DVD-5|x64.Build.0 = Debug|x64
		{B1A6123B-5CAA-4A36-A314-BB12CE15D9F7}.DVD-5|x86.ActiveCfg = Debug|x64
		{B1A6123B-5CAA-4A36-A314-BB12CE15D9F7}.Release|Any CPU.ActiveCfg = Release|Any CPU
		{B1A6123B-5CAA-4A36-A314-BB12CE15D9F7}.Release|Any CPU.Build.0 = Release|Any CPU
		{B1A6123B-5CAA-4A36-A314-BB12CE15D9F7}.Release|Mixed Platforms.ActiveCfg = Release|x86
		{B1A6123B-5CAA-4A36-A314-BB12CE15D9F7}.Release|Mixed Platforms.Build.0 = Release|x86
		{B1A6123B-5CAA-4A36-A314-BB12CE15D9F7}.Release|x64.ActiveCfg = Release|x64
		{B1A6123B-5CAA-4A36-A314-BB12CE15D9F7}.Release|x64.Build.0 = Release|x64
		{B1A6123B-5CAA-4A36-A314-BB12CE15D9F7}.Release|x86.ActiveCfg = Release|x86
		{B1A6123B-5CAA-4A36-A314-BB12CE15D9F7}.Release|x86.Build.0 = Release|x86
		{B1A6123B-5CAA-4A36-A314-BB12CE15D9F7}.Release2|Any CPU.ActiveCfg = Release|x86
		{B1A6123B-5CAA-4A36-A314-BB12CE15D9F7}.Release2|Mixed Platforms.ActiveCfg = Release|x86
		{B1A6123B-5CAA-4A36-A314-BB12CE15D9F7}.Release2|Mixed Platforms.Build.0 = Release|x86
		{B1A6123B-5CAA-4A36-A314-BB12CE15D9F7}.Release2|x64.ActiveCfg = Release|x86
		{B1A6123B-5CAA-4A36-A314-BB12CE15D9F7}.Release2|x86.ActiveCfg = Release|x86
		{B1A6123B-5CAA-4A36-A314-BB12CE15D9F7}.Release2|x86.Build.0 = Release|x86
		{B1A6123B-5CAA-4A36-A314-BB12CE15D9F7}.SingleImage|Any CPU.ActiveCfg = Release|x64
		{B1A6123B-5CAA-4A36-A314-BB12CE15D9F7}.SingleImage|Mixed Platforms.ActiveCfg = Release|x86
		{B1A6123B-5CAA-4A36-A314-BB12CE15D9F7}.SingleImage|Mixed Platforms.Build.0 = Release|x86
		{B1A6123B-5CAA-4A36-A314-BB12CE15D9F7}.SingleImage|x64.ActiveCfg = Release|x64
		{B1A6123B-5CAA-4A36-A314-BB12CE15D9F7}.SingleImage|x64.Build.0 = Release|x64
		{B1A6123B-5CAA-4A36-A314-BB12CE15D9F7}.SingleImage|x86.ActiveCfg = Release|x64
		{77E337F9-6DA8-455A-8258-F91938FBBBEA}.CD_ROM|Any CPU.ActiveCfg = Release|Any CPU
		{77E337F9-6DA8-455A-8258-F91938FBBBEA}.CD_ROM|Any CPU.Build.0 = Release|Any CPU
		{77E337F9-6DA8-455A-8258-F91938FBBBEA}.CD_ROM|Mixed Platforms.ActiveCfg = Release|x64
		{77E337F9-6DA8-455A-8258-F91938FBBBEA}.CD_ROM|Mixed Platforms.Build.0 = Release|x64
		{77E337F9-6DA8-455A-8258-F91938FBBBEA}.CD_ROM|x64.ActiveCfg = Release|Any CPU
		{77E337F9-6DA8-455A-8258-F91938FBBBEA}.CD_ROM|x86.ActiveCfg = Release|Any CPU
		{77E337F9-6DA8-455A-8258-F91938FBBBEA}.Debug|Any CPU.ActiveCfg = Debug|x64
		{77E337F9-6DA8-455A-8258-F91938FBBBEA}.Debug|Any CPU.Build.0 = Debug|x64
		{77E337F9-6DA8-455A-8258-F91938FBBBEA}.Debug|Mixed Platforms.ActiveCfg = Debug|x64
		{77E337F9-6DA8-455A-8258-F91938FBBBEA}.Debug|Mixed Platforms.Build.0 = Debug|x64
		{77E337F9-6DA8-455A-8258-F91938FBBBEA}.Debug|x64.ActiveCfg = Debug|x64
		{77E337F9-6DA8-455A-8258-F91938FBBBEA}.Debug|x64.Build.0 = Debug|x64
		{77E337F9-6DA8-455A-8258-F91938FBBBEA}.Debug|x86.ActiveCfg = Debug|x86
		{77E337F9-6DA8-455A-8258-F91938FBBBEA}.Debug|x86.Build.0 = Debug|x86
		{77E337F9-6DA8-455A-8258-F91938FBBBEA}.DVD-5|Any CPU.ActiveCfg = Debug|Any CPU
		{77E337F9-6DA8-455A-8258-F91938FBBBEA}.DVD-5|Any CPU.Build.0 = Debug|Any CPU
		{77E337F9-6DA8-455A-8258-F91938FBBBEA}.DVD-5|Mixed Platforms.ActiveCfg = Debug|x64
		{77E337F9-6DA8-455A-8258-F91938FBBBEA}.DVD-5|Mixed Platforms.Build.0 = Debug|x64
		{77E337F9-6DA8-455A-8258-F91938FBBBEA}.DVD-5|x64.ActiveCfg = Debug|Any CPU
		{77E337F9-6DA8-455A-8258-F91938FBBBEA}.DVD-5|x86.ActiveCfg = Debug|Any CPU
		{77E337F9-6DA8-455A-8258-F91938FBBBEA}.Release|Any CPU.ActiveCfg = Release|Any CPU
		{77E337F9-6DA8-455A-8258-F91938FBBBEA}.Release|Any CPU.Build.0 = Release|Any CPU
		{77E337F9-6DA8-455A-8258-F91938FBBBEA}.Release|Mixed Platforms.ActiveCfg = Release|x64
		{77E337F9-6DA8-455A-8258-F91938FBBBEA}.Release|Mixed Platforms.Build.0 = Release|x64
		{77E337F9-6DA8-455A-8258-F91938FBBBEA}.Release|x64.ActiveCfg = Release|x64
		{77E337F9-6DA8-455A-8258-F91938FBBBEA}.Release|x64.Build.0 = Release|x64
		{77E337F9-6DA8-455A-8258-F91938FBBBEA}.Release|x86.ActiveCfg = Release|x86
		{77E337F9-6DA8-455A-8258-F91938FBBBEA}.Release|x86.Build.0 = Release|x86
		{77E337F9-6DA8-455A-8258-F91938FBBBEA}.Release2|Any CPU.ActiveCfg = Release|x64
		{77E337F9-6DA8-455A-8258-F91938FBBBEA}.Release2|Mixed Platforms.ActiveCfg = Release|x64
		{77E337F9-6DA8-455A-8258-F91938FBBBEA}.Release2|Mixed Platforms.Build.0 = Release|x64
		{77E337F9-6DA8-455A-8258-F91938FBBBEA}.Release2|x64.ActiveCfg = Release|x64
		{77E337F9-6DA8-455A-8258-F91938FBBBEA}.Release2|x64.Build.0 = Release|x64
		{77E337F9-6DA8-455A-8258-F91938FBBBEA}.Release2|x86.ActiveCfg = Release|x64
		{77E337F9-6DA8-455A-8258-F91938FBBBEA}.SingleImage|Any CPU.ActiveCfg = Release|Any CPU
		{77E337F9-6DA8-455A-8258-F91938FBBBEA}.SingleImage|Any CPU.Build.0 = Release|Any CPU
		{77E337F9-6DA8-455A-8258-F91938FBBBEA}.SingleImage|Mixed Platforms.ActiveCfg = Release|x64
		{77E337F9-6DA8-455A-8258-F91938FBBBEA}.SingleImage|Mixed Platforms.Build.0 = Release|x64
		{77E337F9-6DA8-455A-8258-F91938FBBBEA}.SingleImage|x64.ActiveCfg = Release|Any CPU
		{77E337F9-6DA8-455A-8258-F91938FBBBEA}.SingleImage|x86.ActiveCfg = Release|Any CPU
		{C1962B9B-FC4F-4D06-94E6-1E3EC922F4C0}.CD_ROM|Any CPU.ActiveCfg = Release|Any CPU
		{C1962B9B-FC4F-4D06-94E6-1E3EC922F4C0}.CD_ROM|Any CPU.Build.0 = Release|Any CPU
		{C1962B9B-FC4F-4D06-94E6-1E3EC922F4C0}.CD_ROM|Mixed Platforms.ActiveCfg = Release|x64
		{C1962B9B-FC4F-4D06-94E6-1E3EC922F4C0}.CD_ROM|Mixed Platforms.Build.0 = Release|x64
		{C1962B9B-FC4F-4D06-94E6-1E3EC922F4C0}.CD_ROM|x64.ActiveCfg = Release|Any CPU
		{C1962B9B-FC4F-4D06-94E6-1E3EC922F4C0}.CD_ROM|x86.ActiveCfg = Release|Any CPU
		{C1962B9B-FC4F-4D06-94E6-1E3EC922F4C0}.Debug|Any CPU.ActiveCfg = Debug|x64
		{C1962B9B-FC4F-4D06-94E6-1E3EC922F4C0}.Debug|Any CPU.Build.0 = Debug|x64
		{C1962B9B-FC4F-4D06-94E6-1E3EC922F4C0}.Debug|Mixed Platforms.ActiveCfg = Debug|x64
		{C1962B9B-FC4F-4D06-94E6-1E3EC922F4C0}.Debug|Mixed Platforms.Build.0 = Debug|x64
		{C1962B9B-FC4F-4D06-94E6-1E3EC922F4C0}.Debug|x64.ActiveCfg = Debug|x64
		{C1962B9B-FC4F-4D06-94E6-1E3EC922F4C0}.Debug|x64.Build.0 = Debug|x64
		{C1962B9B-FC4F-4D06-94E6-1E3EC922F4C0}.Debug|x86.ActiveCfg = Debug|x86
		{C1962B9B-FC4F-4D06-94E6-1E3EC922F4C0}.Debug|x86.Build.0 = Debug|x86
		{C1962B9B-FC4F-4D06-94E6-1E3EC922F4C0}.DVD-5|Any CPU.ActiveCfg = Debug|Any CPU
		{C1962B9B-FC4F-4D06-94E6-1E3EC922F4C0}.DVD-5|Any CPU.Build.0 = Debug|Any CPU
		{C1962B9B-FC4F-4D06-94E6-1E3EC922F4C0}.DVD-5|Mixed Platforms.ActiveCfg = Debug|x64
		{C1962B9B-FC4F-4D06-94E6-1E3EC922F4C0}.DVD-5|Mixed Platforms.Build.0 = Debug|x64
		{C1962B9B-FC4F-4D06-94E6-1E3EC922F4C0}.DVD-5|x64.ActiveCfg = Debug|Any CPU
		{C1962B9B-FC4F-4D06-94E6-1E3EC922F4C0}.DVD-5|x86.ActiveCfg = Debug|Any CPU
		{C1962B9B-FC4F-4D06-94E6-1E3EC922F4C0}.Release|Any CPU.ActiveCfg = Release|Any CPU
		{C1962B9B-FC4F-4D06-94E6-1E3EC922F4C0}.Release|Any CPU.Build.0 = Release|Any CPU
		{C1962B9B-FC4F-4D06-94E6-1E3EC922F4C0}.Release|Mixed Platforms.ActiveCfg = Release|x64
		{C1962B9B-FC4F-4D06-94E6-1E3EC922F4C0}.Release|Mixed Platforms.Build.0 = Release|x64
		{C1962B9B-FC4F-4D06-94E6-1E3EC922F4C0}.Release|x64.ActiveCfg = Release|x64
		{C1962B9B-FC4F-4D06-94E6-1E3EC922F4C0}.Release|x64.Build.0 = Release|x64
		{C1962B9B-FC4F-4D06-94E6-1E3EC922F4C0}.Release|x86.ActiveCfg = Release|x86
		{C1962B9B-FC4F-4D06-94E6-1E3EC922F4C0}.Release|x86.Build.0 = Release|x86
		{C1962B9B-FC4F-4D06-94E6-1E3EC922F4C0}.Release2|Any CPU.ActiveCfg = Release|x64
		{C1962B9B-FC4F-4D06-94E6-1E3EC922F4C0}.Release2|Mixed Platforms.ActiveCfg = Release|x64
		{C1962B9B-FC4F-4D06-94E6-1E3EC922F4C0}.Release2|Mixed Platforms.Build.0 = Release|x64
		{C1962B9B-FC4F-4D06-94E6-1E3EC922F4C0}.Release2|x64.ActiveCfg = Release|x64
		{C1962B9B-FC4F-4D06-94E6-1E3EC922F4C0}.Release2|x64.Build.0 = Release|x64
		{C1962B9B-FC4F-4D06-94E6-1E3EC922F4C0}.Release2|x86.ActiveCfg = Release|x64
		{C1962B9B-FC4F-4D06-94E6-1E3EC922F4C0}.SingleImage|Any CPU.ActiveCfg = Release|Any CPU
		{C1962B9B-FC4F-4D06-94E6-1E3EC922F4C0}.SingleImage|Any CPU.Build.0 = Release|Any CPU
		{C1962B9B-FC4F-4D06-94E6-1E3EC922F4C0}.SingleImage|Mixed Platforms.ActiveCfg = Release|x64
		{C1962B9B-FC4F-4D06-94E6-1E3EC922F4C0}.SingleImage|Mixed Platforms.Build.0 = Release|x64
		{C1962B9B-FC4F-4D06-94E6-1E3EC922F4C0}.SingleImage|x64.ActiveCfg = Release|Any CPU
		{C1962B9B-FC4F-4D06-94E6-1E3EC922F4C0}.SingleImage|x86.ActiveCfg = Release|Any CPU
		{CE030A79-6D85-49ED-9610-CBCC4BB6B3AB}.CD_ROM|Any CPU.ActiveCfg = Release|x86
		{CE030A79-6D85-49ED-9610-CBCC4BB6B3AB}.CD_ROM|Mixed Platforms.ActiveCfg = Release|x86
		{CE030A79-6D85-49ED-9610-CBCC4BB6B3AB}.CD_ROM|Mixed Platforms.Build.0 = Release|x86
		{CE030A79-6D85-49ED-9610-CBCC4BB6B3AB}.CD_ROM|x64.ActiveCfg = Release|x86
		{CE030A79-6D85-49ED-9610-CBCC4BB6B3AB}.CD_ROM|x86.ActiveCfg = Release|x86
		{CE030A79-6D85-49ED-9610-CBCC4BB6B3AB}.CD_ROM|x86.Build.0 = Release|x86
		{CE030A79-6D85-49ED-9610-CBCC4BB6B3AB}.Debug|Any CPU.ActiveCfg = Debug|Any CPU
		{CE030A79-6D85-49ED-9610-CBCC4BB6B3AB}.Debug|Mixed Platforms.ActiveCfg = Debug|x86
		{CE030A79-6D85-49ED-9610-CBCC4BB6B3AB}.Debug|Mixed Platforms.Build.0 = Debug|x86
		{CE030A79-6D85-49ED-9610-CBCC4BB6B3AB}.Debug|x64.ActiveCfg = Debug|x86
		{CE030A79-6D85-49ED-9610-CBCC4BB6B3AB}.Debug|x86.ActiveCfg = Debug|x86
		{CE030A79-6D85-49ED-9610-CBCC4BB6B3AB}.DVD-5|Any CPU.ActiveCfg = Debug|x86
		{CE030A79-6D85-49ED-9610-CBCC4BB6B3AB}.DVD-5|Mixed Platforms.ActiveCfg = Debug|x86
		{CE030A79-6D85-49ED-9610-CBCC4BB6B3AB}.DVD-5|Mixed Platforms.Build.0 = Debug|x86
		{CE030A79-6D85-49ED-9610-CBCC4BB6B3AB}.DVD-5|x64.ActiveCfg = Debug|x86
		{CE030A79-6D85-49ED-9610-CBCC4BB6B3AB}.DVD-5|x86.ActiveCfg = Debug|x86
		{CE030A79-6D85-49ED-9610-CBCC4BB6B3AB}.DVD-5|x86.Build.0 = Debug|x86
		{CE030A79-6D85-49ED-9610-CBCC4BB6B3AB}.Release|Any CPU.ActiveCfg = Release|Any CPU
		{CE030A79-6D85-49ED-9610-CBCC4BB6B3AB}.Release|Mixed Platforms.ActiveCfg = Release|x86
		{CE030A79-6D85-49ED-9610-CBCC4BB6B3AB}.Release|Mixed Platforms.Build.0 = Release|x86
		{CE030A79-6D85-49ED-9610-CBCC4BB6B3AB}.Release|x64.ActiveCfg = Release|Any CPU
		{CE030A79-6D85-49ED-9610-CBCC4BB6B3AB}.Release|x86.ActiveCfg = Release|x86
		{CE030A79-6D85-49ED-9610-CBCC4BB6B3AB}.Release2|Any CPU.ActiveCfg = Release|x64
		{CE030A79-6D85-49ED-9610-CBCC4BB6B3AB}.Release2|Mixed Platforms.ActiveCfg = Release|x64
		{CE030A79-6D85-49ED-9610-CBCC4BB6B3AB}.Release2|Mixed Platforms.Build.0 = Release|x64
		{CE030A79-6D85-49ED-9610-CBCC4BB6B3AB}.Release2|x64.ActiveCfg = Release|x64
		{CE030A79-6D85-49ED-9610-CBCC4BB6B3AB}.Release2|x64.Build.0 = Release|x64
		{CE030A79-6D85-49ED-9610-CBCC4BB6B3AB}.Release2|x86.ActiveCfg = Release|x64
		{CE030A79-6D85-49ED-9610-CBCC4BB6B3AB}.SingleImage|Any CPU.ActiveCfg = Release|x86
		{CE030A79-6D85-49ED-9610-CBCC4BB6B3AB}.SingleImage|Mixed Platforms.ActiveCfg = Release|x86
		{CE030A79-6D85-49ED-9610-CBCC4BB6B3AB}.SingleImage|Mixed Platforms.Build.0 = Release|x86
		{CE030A79-6D85-49ED-9610-CBCC4BB6B3AB}.SingleImage|x64.ActiveCfg = Release|x86
		{CE030A79-6D85-49ED-9610-CBCC4BB6B3AB}.SingleImage|x86.ActiveCfg = Release|x86
		{CE030A79-6D85-49ED-9610-CBCC4BB6B3AB}.SingleImage|x86.Build.0 = Release|x86
		{89BC88B8-D8AC-4BE7-815B-B08D0C59BE71}.CD_ROM|Any CPU.ActiveCfg = Release|x86
		{89BC88B8-D8AC-4BE7-815B-B08D0C59BE71}.CD_ROM|Mixed Platforms.ActiveCfg = Release|x86
		{89BC88B8-D8AC-4BE7-815B-B08D0C59BE71}.CD_ROM|Mixed Platforms.Build.0 = Release|x86
		{89BC88B8-D8AC-4BE7-815B-B08D0C59BE71}.CD_ROM|x64.ActiveCfg = Release|x86
		{89BC88B8-D8AC-4BE7-815B-B08D0C59BE71}.CD_ROM|x86.ActiveCfg = Release|x86
		{89BC88B8-D8AC-4BE7-815B-B08D0C59BE71}.CD_ROM|x86.Build.0 = Release|x86
		{89BC88B8-D8AC-4BE7-815B-B08D0C59BE71}.Debug|Any CPU.ActiveCfg = Debug|Any CPU
		{89BC88B8-D8AC-4BE7-815B-B08D0C59BE71}.Debug|Mixed Platforms.ActiveCfg = Debug|x86
		{89BC88B8-D8AC-4BE7-815B-B08D0C59BE71}.Debug|Mixed Platforms.Build.0 = Debug|x86
		{89BC88B8-D8AC-4BE7-815B-B08D0C59BE71}.Debug|x64.ActiveCfg = Debug|x86
		{89BC88B8-D8AC-4BE7-815B-B08D0C59BE71}.Debug|x86.ActiveCfg = Debug|x86
		{89BC88B8-D8AC-4BE7-815B-B08D0C59BE71}.Debug|x86.Build.0 = Debug|x86
		{89BC88B8-D8AC-4BE7-815B-B08D0C59BE71}.DVD-5|Any CPU.ActiveCfg = Debug|x86
		{89BC88B8-D8AC-4BE7-815B-B08D0C59BE71}.DVD-5|Mixed Platforms.ActiveCfg = Debug|x86
		{89BC88B8-D8AC-4BE7-815B-B08D0C59BE71}.DVD-5|Mixed Platforms.Build.0 = Debug|x86
		{89BC88B8-D8AC-4BE7-815B-B08D0C59BE71}.DVD-5|x64.ActiveCfg = Debug|x86
		{89BC88B8-D8AC-4BE7-815B-B08D0C59BE71}.DVD-5|x86.ActiveCfg = Debug|x86
		{89BC88B8-D8AC-4BE7-815B-B08D0C59BE71}.DVD-5|x86.Build.0 = Debug|x86
		{89BC88B8-D8AC-4BE7-815B-B08D0C59BE71}.Release|Any CPU.ActiveCfg = Release|Any CPU
		{89BC88B8-D8AC-4BE7-815B-B08D0C59BE71}.Release|Mixed Platforms.ActiveCfg = Release|x86
		{89BC88B8-D8AC-4BE7-815B-B08D0C59BE71}.Release|Mixed Platforms.Build.0 = Release|x86
		{89BC88B8-D8AC-4BE7-815B-B08D0C59BE71}.Release|x64.ActiveCfg = Release|x64
		{89BC88B8-D8AC-4BE7-815B-B08D0C59BE71}.Release|x64.Build.0 = Release|x64
		{89BC88B8-D8AC-4BE7-815B-B08D0C59BE71}.Release|x86.ActiveCfg = Release|x86
		{89BC88B8-D8AC-4BE7-815B-B08D0C59BE71}.Release2|Any CPU.ActiveCfg = Release|Any CPU
		{89BC88B8-D8AC-4BE7-815B-B08D0C59BE71}.Release2|Any CPU.Build.0 = Release|Any CPU
		{89BC88B8-D8AC-4BE7-815B-B08D0C59BE71}.Release2|Mixed Platforms.ActiveCfg = Release|Any CPU
		{89BC88B8-D8AC-4BE7-815B-B08D0C59BE71}.Release2|Mixed Platforms.Build.0 = Release|Any CPU
		{89BC88B8-D8AC-4BE7-815B-B08D0C59BE71}.Release2|x64.ActiveCfg = Release|Any CPU
		{89BC88B8-D8AC-4BE7-815B-B08D0C59BE71}.Release2|x86.ActiveCfg = Release|Any CPU
		{89BC88B8-D8AC-4BE7-815B-B08D0C59BE71}.SingleImage|Any CPU.ActiveCfg = Release|x86
		{89BC88B8-D8AC-4BE7-815B-B08D0C59BE71}.SingleImage|Mixed Platforms.ActiveCfg = Release|x86
		{89BC88B8-D8AC-4BE7-815B-B08D0C59BE71}.SingleImage|Mixed Platforms.Build.0 = Release|x86
		{89BC88B8-D8AC-4BE7-815B-B08D0C59BE71}.SingleImage|x64.ActiveCfg = Release|x86
		{89BC88B8-D8AC-4BE7-815B-B08D0C59BE71}.SingleImage|x86.ActiveCfg = Release|x86
		{89BC88B8-D8AC-4BE7-815B-B08D0C59BE71}.SingleImage|x86.Build.0 = Release|x86
		{172198EC-3C56-46B4-B7EE-9892A4BECA44}.CD_ROM|Any CPU.ActiveCfg = Release|Any CPU
		{172198EC-3C56-46B4-B7EE-9892A4BECA44}.CD_ROM|Any CPU.Build.0 = Release|Any CPU
		{172198EC-3C56-46B4-B7EE-9892A4BECA44}.CD_ROM|Mixed Platforms.ActiveCfg = Release|Any CPU
		{172198EC-3C56-46B4-B7EE-9892A4BECA44}.CD_ROM|Mixed Platforms.Build.0 = Release|Any CPU
		{172198EC-3C56-46B4-B7EE-9892A4BECA44}.CD_ROM|x64.ActiveCfg = Release|Any CPU
		{172198EC-3C56-46B4-B7EE-9892A4BECA44}.CD_ROM|x86.ActiveCfg = Release|Any CPU
		{172198EC-3C56-46B4-B7EE-9892A4BECA44}.Debug|Any CPU.ActiveCfg = Debug|Any CPU
		{172198EC-3C56-46B4-B7EE-9892A4BECA44}.Debug|Any CPU.Build.0 = Debug|Any CPU
		{172198EC-3C56-46B4-B7EE-9892A4BECA44}.Debug|Mixed Platforms.ActiveCfg = Debug|Any CPU
		{172198EC-3C56-46B4-B7EE-9892A4BECA44}.Debug|Mixed Platforms.Build.0 = Debug|Any CPU
		{172198EC-3C56-46B4-B7EE-9892A4BECA44}.Debug|x64.ActiveCfg = Debug|Any CPU
		{172198EC-3C56-46B4-B7EE-9892A4BECA44}.Debug|x86.ActiveCfg = Debug|x86
		{172198EC-3C56-46B4-B7EE-9892A4BECA44}.Debug|x86.Build.0 = Debug|x86
		{172198EC-3C56-46B4-B7EE-9892A4BECA44}.DVD-5|Any CPU.ActiveCfg = Debug|Any CPU
		{172198EC-3C56-46B4-B7EE-9892A4BECA44}.DVD-5|Any CPU.Build.0 = Debug|Any CPU
		{172198EC-3C56-46B4-B7EE-9892A4BECA44}.DVD-5|Mixed Platforms.ActiveCfg = Debug|Any CPU
		{172198EC-3C56-46B4-B7EE-9892A4BECA44}.DVD-5|Mixed Platforms.Build.0 = Debug|Any CPU
		{172198EC-3C56-46B4-B7EE-9892A4BECA44}.DVD-5|x64.ActiveCfg = Debug|Any CPU
		{172198EC-3C56-46B4-B7EE-9892A4BECA44}.DVD-5|x86.ActiveCfg = Debug|Any CPU
		{172198EC-3C56-46B4-B7EE-9892A4BECA44}.Release|Any CPU.ActiveCfg = Release|Any CPU
		{172198EC-3C56-46B4-B7EE-9892A4BECA44}.Release|Any CPU.Build.0 = Release|Any CPU
		{172198EC-3C56-46B4-B7EE-9892A4BECA44}.Release|Mixed Platforms.ActiveCfg = Release|Any CPU
		{172198EC-3C56-46B4-B7EE-9892A4BECA44}.Release|Mixed Platforms.Build.0 = Release|Any CPU
		{172198EC-3C56-46B4-B7EE-9892A4BECA44}.Release|x64.ActiveCfg = Release|x64
		{172198EC-3C56-46B4-B7EE-9892A4BECA44}.Release|x64.Build.0 = Release|x64
		{172198EC-3C56-46B4-B7EE-9892A4BECA44}.Release|x86.ActiveCfg = Release|x86
		{172198EC-3C56-46B4-B7EE-9892A4BECA44}.Release|x86.Build.0 = Release|x86
		{172198EC-3C56-46B4-B7EE-9892A4BECA44}.Release2|Any CPU.ActiveCfg = Release|x64
		{172198EC-3C56-46B4-B7EE-9892A4BECA44}.Release2|Mixed Platforms.ActiveCfg = Release|x64
		{172198EC-3C56-46B4-B7EE-9892A4BECA44}.Release2|Mixed Platforms.Build.0 = Release|x64
		{172198EC-3C56-46B4-B7EE-9892A4BECA44}.Release2|x64.ActiveCfg = Release|x64
		{172198EC-3C56-46B4-B7EE-9892A4BECA44}.Release2|x64.Build.0 = Release|x64
		{172198EC-3C56-46B4-B7EE-9892A4BECA44}.Release2|x86.ActiveCfg = Release|x64
		{172198EC-3C56-46B4-B7EE-9892A4BECA44}.SingleImage|Any CPU.ActiveCfg = Release|Any CPU
		{172198EC-3C56-46B4-B7EE-9892A4BECA44}.SingleImage|Any CPU.Build.0 = Release|Any CPU
		{172198EC-3C56-46B4-B7EE-9892A4BECA44}.SingleImage|Mixed Platforms.ActiveCfg = Release|Any CPU
		{172198EC-3C56-46B4-B7EE-9892A4BECA44}.SingleImage|Mixed Platforms.Build.0 = Release|Any CPU
		{172198EC-3C56-46B4-B7EE-9892A4BECA44}.SingleImage|x64.ActiveCfg = Release|Any CPU
		{172198EC-3C56-46B4-B7EE-9892A4BECA44}.SingleImage|x86.ActiveCfg = Release|Any CPU
		{4D49CB96-3BA6-45EF-9CD0-F935D2F7648B}.CD_ROM|Any CPU.ActiveCfg = Release|Any CPU
		{4D49CB96-3BA6-45EF-9CD0-F935D2F7648B}.CD_ROM|Any CPU.Build.0 = Release|Any CPU
		{4D49CB96-3BA6-45EF-9CD0-F935D2F7648B}.CD_ROM|Mixed Platforms.ActiveCfg = Release|Any CPU
		{4D49CB96-3BA6-45EF-9CD0-F935D2F7648B}.CD_ROM|Mixed Platforms.Build.0 = Release|Any CPU
		{4D49CB96-3BA6-45EF-9CD0-F935D2F7648B}.CD_ROM|x64.ActiveCfg = Release|Any CPU
		{4D49CB96-3BA6-45EF-9CD0-F935D2F7648B}.CD_ROM|x86.ActiveCfg = Release|Any CPU
		{4D49CB96-3BA6-45EF-9CD0-F935D2F7648B}.Debug|Any CPU.ActiveCfg = Debug|Any CPU
		{4D49CB96-3BA6-45EF-9CD0-F935D2F7648B}.Debug|Mixed Platforms.ActiveCfg = Debug|Any CPU
		{4D49CB96-3BA6-45EF-9CD0-F935D2F7648B}.Debug|Mixed Platforms.Build.0 = Debug|Any CPU
		{4D49CB96-3BA6-45EF-9CD0-F935D2F7648B}.Debug|x64.ActiveCfg = Debug|Any CPU
		{4D49CB96-3BA6-45EF-9CD0-F935D2F7648B}.Debug|x86.ActiveCfg = Debug|Any CPU
		{4D49CB96-3BA6-45EF-9CD0-F935D2F7648B}.DVD-5|Any CPU.ActiveCfg = Debug|Any CPU
		{4D49CB96-3BA6-45EF-9CD0-F935D2F7648B}.DVD-5|Any CPU.Build.0 = Debug|Any CPU
		{4D49CB96-3BA6-45EF-9CD0-F935D2F7648B}.DVD-5|Mixed Platforms.ActiveCfg = Debug|Any CPU
		{4D49CB96-3BA6-45EF-9CD0-F935D2F7648B}.DVD-5|Mixed Platforms.Build.0 = Debug|Any CPU
		{4D49CB96-3BA6-45EF-9CD0-F935D2F7648B}.DVD-5|x64.ActiveCfg = Debug|Any CPU
		{4D49CB96-3BA6-45EF-9CD0-F935D2F7648B}.DVD-5|x86.ActiveCfg = Debug|Any CPU
		{4D49CB96-3BA6-45EF-9CD0-F935D2F7648B}.Release|Any CPU.ActiveCfg = Release|Any CPU
		{4D49CB96-3BA6-45EF-9CD0-F935D2F7648B}.Release|Mixed Platforms.ActiveCfg = Release|Any CPU
		{4D49CB96-3BA6-45EF-9CD0-F935D2F7648B}.Release|Mixed Platforms.Build.0 = Release|Any CPU
		{4D49CB96-3BA6-45EF-9CD0-F935D2F7648B}.Release|x64.ActiveCfg = Release|Any CPU
		{4D49CB96-3BA6-45EF-9CD0-F935D2F7648B}.Release|x86.ActiveCfg = Release|x86
		{4D49CB96-3BA6-45EF-9CD0-F935D2F7648B}.Release2|Any CPU.ActiveCfg = Release|Any CPU
		{4D49CB96-3BA6-45EF-9CD0-F935D2F7648B}.Release2|Any CPU.Build.0 = Release|Any CPU
		{4D49CB96-3BA6-45EF-9CD0-F935D2F7648B}.Release2|Mixed Platforms.ActiveCfg = Release|Any CPU
		{4D49CB96-3BA6-45EF-9CD0-F935D2F7648B}.Release2|Mixed Platforms.Build.0 = Release|Any CPU
		{4D49CB96-3BA6-45EF-9CD0-F935D2F7648B}.Release2|x64.ActiveCfg = Release|Any CPU
		{4D49CB96-3BA6-45EF-9CD0-F935D2F7648B}.Release2|x86.ActiveCfg = Release|Any CPU
		{4D49CB96-3BA6-45EF-9CD0-F935D2F7648B}.SingleImage|Any CPU.ActiveCfg = Release|Any CPU
		{4D49CB96-3BA6-45EF-9CD0-F935D2F7648B}.SingleImage|Any CPU.Build.0 = Release|Any CPU
		{4D49CB96-3BA6-45EF-9CD0-F935D2F7648B}.SingleImage|Mixed Platforms.ActiveCfg = Release|Any CPU
		{4D49CB96-3BA6-45EF-9CD0-F935D2F7648B}.SingleImage|Mixed Platforms.Build.0 = Release|Any CPU
		{4D49CB96-3BA6-45EF-9CD0-F935D2F7648B}.SingleImage|x64.ActiveCfg = Release|Any CPU
		{4D49CB96-3BA6-45EF-9CD0-F935D2F7648B}.SingleImage|x86.ActiveCfg = Release|Any CPU
		{B4A8EA4E-A804-4C7D-89D4-7C1A77A2AC36}.CD_ROM|Any CPU.ActiveCfg = Release|Any CPU
		{B4A8EA4E-A804-4C7D-89D4-7C1A77A2AC36}.CD_ROM|Any CPU.Build.0 = Release|Any CPU
		{B4A8EA4E-A804-4C7D-89D4-7C1A77A2AC36}.CD_ROM|Mixed Platforms.ActiveCfg = Release|Any CPU
		{B4A8EA4E-A804-4C7D-89D4-7C1A77A2AC36}.CD_ROM|Mixed Platforms.Build.0 = Release|Any CPU
		{B4A8EA4E-A804-4C7D-89D4-7C1A77A2AC36}.CD_ROM|x64.ActiveCfg = Release|Any CPU
		{B4A8EA4E-A804-4C7D-89D4-7C1A77A2AC36}.CD_ROM|x86.ActiveCfg = Release|Any CPU
		{B4A8EA4E-A804-4C7D-89D4-7C1A77A2AC36}.Debug|Any CPU.ActiveCfg = Debug|Any CPU
		{B4A8EA4E-A804-4C7D-89D4-7C1A77A2AC36}.Debug|Any CPU.Build.0 = Debug|Any CPU
		{B4A8EA4E-A804-4C7D-89D4-7C1A77A2AC36}.Debug|Mixed Platforms.ActiveCfg = Debug|Any CPU
		{B4A8EA4E-A804-4C7D-89D4-7C1A77A2AC36}.Debug|Mixed Platforms.Build.0 = Debug|Any CPU
		{B4A8EA4E-A804-4C7D-89D4-7C1A77A2AC36}.Debug|x64.ActiveCfg = Debug|Any CPU
		{B4A8EA4E-A804-4C7D-89D4-7C1A77A2AC36}.Debug|x86.ActiveCfg = Debug|x86
		{B4A8EA4E-A804-4C7D-89D4-7C1A77A2AC36}.Debug|x86.Build.0 = Debug|x86
		{B4A8EA4E-A804-4C7D-89D4-7C1A77A2AC36}.DVD-5|Any CPU.ActiveCfg = Debug|Any CPU
		{B4A8EA4E-A804-4C7D-89D4-7C1A77A2AC36}.DVD-5|Any CPU.Build.0 = Debug|Any CPU
		{B4A8EA4E-A804-4C7D-89D4-7C1A77A2AC36}.DVD-5|Mixed Platforms.ActiveCfg = Debug|Any CPU
		{B4A8EA4E-A804-4C7D-89D4-7C1A77A2AC36}.DVD-5|Mixed Platforms.Build.0 = Debug|Any CPU
		{B4A8EA4E-A804-4C7D-89D4-7C1A77A2AC36}.DVD-5|x64.ActiveCfg = Debug|Any CPU
		{B4A8EA4E-A804-4C7D-89D4-7C1A77A2AC36}.DVD-5|x86.ActiveCfg = Debug|Any CPU
		{B4A8EA4E-A804-4C7D-89D4-7C1A77A2AC36}.Release|Any CPU.ActiveCfg = Release|Any CPU
		{B4A8EA4E-A804-4C7D-89D4-7C1A77A2AC36}.Release|Any CPU.Build.0 = Release|Any CPU
		{B4A8EA4E-A804-4C7D-89D4-7C1A77A2AC36}.Release|Mixed Platforms.ActiveCfg = Release|Any CPU
		{B4A8EA4E-A804-4C7D-89D4-7C1A77A2AC36}.Release|Mixed Platforms.Build.0 = Release|Any CPU
		{B4A8EA4E-A804-4C7D-89D4-7C1A77A2AC36}.Release|x64.ActiveCfg = Release|x64
		{B4A8EA4E-A804-4C7D-89D4-7C1A77A2AC36}.Release|x64.Build.0 = Release|x64
		{B4A8EA4E-A804-4C7D-89D4-7C1A77A2AC36}.Release|x86.ActiveCfg = Release|x86
		{B4A8EA4E-A804-4C7D-89D4-7C1A77A2AC36}.Release|x86.Build.0 = Release|x86
		{B4A8EA4E-A804-4C7D-89D4-7C1A77A2AC36}.Release2|Any CPU.ActiveCfg = Release|Any CPU
		{B4A8EA4E-A804-4C7D-89D4-7C1A77A2AC36}.Release2|Any CPU.Build.0 = Release|Any CPU
		{B4A8EA4E-A804-4C7D-89D4-7C1A77A2AC36}.Release2|Mixed Platforms.ActiveCfg = Release|Any CPU
		{B4A8EA4E-A804-4C7D-89D4-7C1A77A2AC36}.Release2|Mixed Platforms.Build.0 = Release|Any CPU
		{B4A8EA4E-A804-4C7D-89D4-7C1A77A2AC36}.Release2|x64.ActiveCfg = Release|Any CPU
		{B4A8EA4E-A804-4C7D-89D4-7C1A77A2AC36}.Release2|x86.ActiveCfg = Release|Any CPU
		{B4A8EA4E-A804-4C7D-89D4-7C1A77A2AC36}.SingleImage|Any CPU.ActiveCfg = Release|Any CPU
		{B4A8EA4E-A804-4C7D-89D4-7C1A77A2AC36}.SingleImage|Any CPU.Build.0 = Release|Any CPU
		{B4A8EA4E-A804-4C7D-89D4-7C1A77A2AC36}.SingleImage|Mixed Platforms.ActiveCfg = Release|Any CPU
		{B4A8EA4E-A804-4C7D-89D4-7C1A77A2AC36}.SingleImage|Mixed Platforms.Build.0 = Release|Any CPU
		{B4A8EA4E-A804-4C7D-89D4-7C1A77A2AC36}.SingleImage|x64.ActiveCfg = Release|Any CPU
		{B4A8EA4E-A804-4C7D-89D4-7C1A77A2AC36}.SingleImage|x86.ActiveCfg = Release|Any CPU
		{0858C710-AF53-4049-B98E-CFE3638D1228}.CD_ROM|Any CPU.ActiveCfg = Release|Any CPU
		{0858C710-AF53-4049-B98E-CFE3638D1228}.CD_ROM|Any CPU.Build.0 = Release|Any CPU
		{0858C710-AF53-4049-B98E-CFE3638D1228}.CD_ROM|Mixed Platforms.ActiveCfg = Release|Any CPU
		{0858C710-AF53-4049-B98E-CFE3638D1228}.CD_ROM|Mixed Platforms.Build.0 = Release|Any CPU
		{0858C710-AF53-4049-B98E-CFE3638D1228}.CD_ROM|x64.ActiveCfg = Release|Any CPU
		{0858C710-AF53-4049-B98E-CFE3638D1228}.CD_ROM|x86.ActiveCfg = Release|Any CPU
		{0858C710-AF53-4049-B98E-CFE3638D1228}.Debug|Any CPU.ActiveCfg = Debug|Any CPU
		{0858C710-AF53-4049-B98E-CFE3638D1228}.Debug|Any CPU.Build.0 = Debug|Any CPU
		{0858C710-AF53-4049-B98E-CFE3638D1228}.Debug|Mixed Platforms.ActiveCfg = Debug|Any CPU
		{0858C710-AF53-4049-B98E-CFE3638D1228}.Debug|Mixed Platforms.Build.0 = Debug|Any CPU
		{0858C710-AF53-4049-B98E-CFE3638D1228}.Debug|x64.ActiveCfg = Debug|Any CPU
		{0858C710-AF53-4049-B98E-CFE3638D1228}.Debug|x86.ActiveCfg = Debug|x86
		{0858C710-AF53-4049-B98E-CFE3638D1228}.Debug|x86.Build.0 = Debug|x86
		{0858C710-AF53-4049-B98E-CFE3638D1228}.DVD-5|Any CPU.ActiveCfg = Debug|Any CPU
		{0858C710-AF53-4049-B98E-CFE3638D1228}.DVD-5|Any CPU.Build.0 = Debug|Any CPU
		{0858C710-AF53-4049-B98E-CFE3638D1228}.DVD-5|Mixed Platforms.ActiveCfg = Debug|Any CPU
		{0858C710-AF53-4049-B98E-CFE3638D1228}.DVD-5|Mixed Platforms.Build.0 = Debug|Any CPU
		{0858C710-AF53-4049-B98E-CFE3638D1228}.DVD-5|x64.ActiveCfg = Debug|Any CPU
		{0858C710-AF53-4049-B98E-CFE3638D1228}.DVD-5|x86.ActiveCfg = Debug|Any CPU
		{0858C710-AF53-4049-B98E-CFE3638D1228}.Release|Any CPU.ActiveCfg = Release|Any CPU
		{0858C710-AF53-4049-B98E-CFE3638D1228}.Release|Any CPU.Build.0 = Release|Any CPU
		{0858C710-AF53-4049-B98E-CFE3638D1228}.Release|Mixed Platforms.ActiveCfg = Release|Any CPU
		{0858C710-AF53-4049-B98E-CFE3638D1228}.Release|Mixed Platforms.Build.0 = Release|Any CPU
		{0858C710-AF53-4049-B98E-CFE3638D1228}.Release|x64.ActiveCfg = Release|x64
		{0858C710-AF53-4049-B98E-CFE3638D1228}.Release|x64.Build.0 = Release|x64
		{0858C710-AF53-4049-B98E-CFE3638D1228}.Release|x86.ActiveCfg = Release|x86
		{0858C710-AF53-4049-B98E-CFE3638D1228}.Release|x86.Build.0 = Release|x86
		{0858C710-AF53-4049-B98E-CFE3638D1228}.Release2|Any CPU.ActiveCfg = Release|Any CPU
		{0858C710-AF53-4049-B98E-CFE3638D1228}.Release2|Any CPU.Build.0 = Release|Any CPU
		{0858C710-AF53-4049-B98E-CFE3638D1228}.Release2|Mixed Platforms.ActiveCfg = Release|Any CPU
		{0858C710-AF53-4049-B98E-CFE3638D1228}.Release2|Mixed Platforms.Build.0 = Release|Any CPU
		{0858C710-AF53-4049-B98E-CFE3638D1228}.Release2|x64.ActiveCfg = Release|Any CPU
		{0858C710-AF53-4049-B98E-CFE3638D1228}.Release2|x86.ActiveCfg = Release|Any CPU
		{0858C710-AF53-4049-B98E-CFE3638D1228}.SingleImage|Any CPU.ActiveCfg = Release|Any CPU
		{0858C710-AF53-4049-B98E-CFE3638D1228}.SingleImage|Any CPU.Build.0 = Release|Any CPU
		{0858C710-AF53-4049-B98E-CFE3638D1228}.SingleImage|Mixed Platforms.ActiveCfg = Release|Any CPU
		{0858C710-AF53-4049-B98E-CFE3638D1228}.SingleImage|Mixed Platforms.Build.0 = Release|Any CPU
		{0858C710-AF53-4049-B98E-CFE3638D1228}.SingleImage|x64.ActiveCfg = Release|Any CPU
		{0858C710-AF53-4049-B98E-CFE3638D1228}.SingleImage|x86.ActiveCfg = Release|Any CPU
		{7C4B3756-8294-4594-9908-0785E51C2D7B}.CD_ROM|Any CPU.ActiveCfg = Release|Any CPU
		{7C4B3756-8294-4594-9908-0785E51C2D7B}.CD_ROM|Any CPU.Build.0 = Release|Any CPU
		{7C4B3756-8294-4594-9908-0785E51C2D7B}.CD_ROM|Mixed Platforms.ActiveCfg = Release|Any CPU
		{7C4B3756-8294-4594-9908-0785E51C2D7B}.CD_ROM|Mixed Platforms.Build.0 = Release|Any CPU
		{7C4B3756-8294-4594-9908-0785E51C2D7B}.CD_ROM|x64.ActiveCfg = Release|Any CPU
		{7C4B3756-8294-4594-9908-0785E51C2D7B}.CD_ROM|x86.ActiveCfg = Release|Any CPU
		{7C4B3756-8294-4594-9908-0785E51C2D7B}.Debug|Any CPU.ActiveCfg = Debug|Any CPU
		{7C4B3756-8294-4594-9908-0785E51C2D7B}.Debug|Any CPU.Build.0 = Debug|Any CPU
		{7C4B3756-8294-4594-9908-0785E51C2D7B}.Debug|Mixed Platforms.ActiveCfg = Debug|Any CPU
		{7C4B3756-8294-4594-9908-0785E51C2D7B}.Debug|Mixed Platforms.Build.0 = Debug|Any CPU
		{7C4B3756-8294-4594-9908-0785E51C2D7B}.Debug|x64.ActiveCfg = Debug|Any CPU
		{7C4B3756-8294-4594-9908-0785E51C2D7B}.Debug|x86.ActiveCfg = Debug|x86
		{7C4B3756-8294-4594-9908-0785E51C2D7B}.Debug|x86.Build.0 = Debug|x86
		{7C4B3756-8294-4594-9908-0785E51C2D7B}.DVD-5|Any CPU.ActiveCfg = Debug|Any CPU
		{7C4B3756-8294-4594-9908-0785E51C2D7B}.DVD-5|Any CPU.Build.0 = Debug|Any CPU
		{7C4B3756-8294-4594-9908-0785E51C2D7B}.DVD-5|Mixed Platforms.ActiveCfg = Debug|Any CPU
		{7C4B3756-8294-4594-9908-0785E51C2D7B}.DVD-5|Mixed Platforms.Build.0 = Debug|Any CPU
		{7C4B3756-8294-4594-9908-0785E51C2D7B}.DVD-5|x64.ActiveCfg = Debug|Any CPU
		{7C4B3756-8294-4594-9908-0785E51C2D7B}.DVD-5|x86.ActiveCfg = Debug|Any CPU
		{7C4B3756-8294-4594-9908-0785E51C2D7B}.Release|Any CPU.ActiveCfg = Release|Any CPU
		{7C4B3756-8294-4594-9908-0785E51C2D7B}.Release|Any CPU.Build.0 = Release|Any CPU
		{7C4B3756-8294-4594-9908-0785E51C2D7B}.Release|Mixed Platforms.ActiveCfg = Release|Any CPU
		{7C4B3756-8294-4594-9908-0785E51C2D7B}.Release|Mixed Platforms.Build.0 = Release|Any CPU
		{7C4B3756-8294-4594-9908-0785E51C2D7B}.Release|x64.ActiveCfg = Release|x64
		{7C4B3756-8294-4594-9908-0785E51C2D7B}.Release|x64.Build.0 = Release|x64
		{7C4B3756-8294-4594-9908-0785E51C2D7B}.Release|x86.ActiveCfg = Release|x86
		{7C4B3756-8294-4594-9908-0785E51C2D7B}.Release|x86.Build.0 = Release|x86
		{7C4B3756-8294-4594-9908-0785E51C2D7B}.Release2|Any CPU.ActiveCfg = Release|Any CPU
		{7C4B3756-8294-4594-9908-0785E51C2D7B}.Release2|Any CPU.Build.0 = Release|Any CPU
		{7C4B3756-8294-4594-9908-0785E51C2D7B}.Release2|Mixed Platforms.ActiveCfg = Release|Any CPU
		{7C4B3756-8294-4594-9908-0785E51C2D7B}.Release2|Mixed Platforms.Build.0 = Release|Any CPU
		{7C4B3756-8294-4594-9908-0785E51C2D7B}.Release2|x64.ActiveCfg = Release|Any CPU
		{7C4B3756-8294-4594-9908-0785E51C2D7B}.Release2|x86.ActiveCfg = Release|Any CPU
		{7C4B3756-8294-4594-9908-0785E51C2D7B}.SingleImage|Any CPU.ActiveCfg = Release|Any CPU
		{7C4B3756-8294-4594-9908-0785E51C2D7B}.SingleImage|Any CPU.Build.0 = Release|Any CPU
		{7C4B3756-8294-4594-9908-0785E51C2D7B}.SingleImage|Mixed Platforms.ActiveCfg = Release|Any CPU
		{7C4B3756-8294-4594-9908-0785E51C2D7B}.SingleImage|Mixed Platforms.Build.0 = Release|Any CPU
		{7C4B3756-8294-4594-9908-0785E51C2D7B}.SingleImage|x64.ActiveCfg = Release|Any CPU
		{7C4B3756-8294-4594-9908-0785E51C2D7B}.SingleImage|x86.ActiveCfg = Release|Any CPU
		{3812ECB3-23DD-4281-A279-3C0729508315}.CD_ROM|Any CPU.ActiveCfg = Release|x86
		{3812ECB3-23DD-4281-A279-3C0729508315}.CD_ROM|Mixed Platforms.ActiveCfg = Release|x86
		{3812ECB3-23DD-4281-A279-3C0729508315}.CD_ROM|Mixed Platforms.Build.0 = Release|x86
		{3812ECB3-23DD-4281-A279-3C0729508315}.CD_ROM|x64.ActiveCfg = Release|x86
		{3812ECB3-23DD-4281-A279-3C0729508315}.CD_ROM|x86.ActiveCfg = Release|x86
		{3812ECB3-23DD-4281-A279-3C0729508315}.CD_ROM|x86.Build.0 = Release|x86
		{3812ECB3-23DD-4281-A279-3C0729508315}.Debug|Any CPU.ActiveCfg = Debug|Any CPU
		{3812ECB3-23DD-4281-A279-3C0729508315}.Debug|Any CPU.Build.0 = Debug|Any CPU
		{3812ECB3-23DD-4281-A279-3C0729508315}.Debug|Mixed Platforms.ActiveCfg = Debug|x86
		{3812ECB3-23DD-4281-A279-3C0729508315}.Debug|Mixed Platforms.Build.0 = Debug|x86
		{3812ECB3-23DD-4281-A279-3C0729508315}.Debug|x64.ActiveCfg = Debug|x86
		{3812ECB3-23DD-4281-A279-3C0729508315}.Debug|x86.ActiveCfg = Debug|x86
		{3812ECB3-23DD-4281-A279-3C0729508315}.Debug|x86.Build.0 = Debug|x86
		{3812ECB3-23DD-4281-A279-3C0729508315}.DVD-5|Any CPU.ActiveCfg = Debug|x86
		{3812ECB3-23DD-4281-A279-3C0729508315}.DVD-5|Mixed Platforms.ActiveCfg = Debug|x86
		{3812ECB3-23DD-4281-A279-3C0729508315}.DVD-5|Mixed Platforms.Build.0 = Debug|x86
		{3812ECB3-23DD-4281-A279-3C0729508315}.DVD-5|x64.ActiveCfg = Debug|x86
		{3812ECB3-23DD-4281-A279-3C0729508315}.DVD-5|x86.ActiveCfg = Debug|x86
		{3812ECB3-23DD-4281-A279-3C0729508315}.DVD-5|x86.Build.0 = Debug|x86
		{3812ECB3-23DD-4281-A279-3C0729508315}.Release|Any CPU.ActiveCfg = Release|Any CPU
		{3812ECB3-23DD-4281-A279-3C0729508315}.Release|Any CPU.Build.0 = Release|Any CPU
		{3812ECB3-23DD-4281-A279-3C0729508315}.Release|Mixed Platforms.ActiveCfg = Release|x86
		{3812ECB3-23DD-4281-A279-3C0729508315}.Release|Mixed Platforms.Build.0 = Release|x86
		{3812ECB3-23DD-4281-A279-3C0729508315}.Release|x64.ActiveCfg = Release|x64
		{3812ECB3-23DD-4281-A279-3C0729508315}.Release|x86.ActiveCfg = Release|x86
		{3812ECB3-23DD-4281-A279-3C0729508315}.Release|x86.Build.0 = Release|x86
		{3812ECB3-23DD-4281-A279-3C0729508315}.Release2|Any CPU.ActiveCfg = Release|x86
		{3812ECB3-23DD-4281-A279-3C0729508315}.Release2|Mixed Platforms.ActiveCfg = Release|x86
		{3812ECB3-23DD-4281-A279-3C0729508315}.Release2|Mixed Platforms.Build.0 = Release|x86
		{3812ECB3-23DD-4281-A279-3C0729508315}.Release2|x64.ActiveCfg = Release|x86
		{3812ECB3-23DD-4281-A279-3C0729508315}.Release2|x86.ActiveCfg = Release|x86
		{3812ECB3-23DD-4281-A279-3C0729508315}.Release2|x86.Build.0 = Release|x86
		{3812ECB3-23DD-4281-A279-3C0729508315}.SingleImage|Any CPU.ActiveCfg = Release|x86
		{3812ECB3-23DD-4281-A279-3C0729508315}.SingleImage|Mixed Platforms.ActiveCfg = Release|x86
		{3812ECB3-23DD-4281-A279-3C0729508315}.SingleImage|Mixed Platforms.Build.0 = Release|x86
		{3812ECB3-23DD-4281-A279-3C0729508315}.SingleImage|x64.ActiveCfg = Release|x86
		{3812ECB3-23DD-4281-A279-3C0729508315}.SingleImage|x86.ActiveCfg = Release|x86
		{3812ECB3-23DD-4281-A279-3C0729508315}.SingleImage|x86.Build.0 = Release|x86
		{59638A98-D6B6-4919-82CD-475CAA84D2C3}.CD_ROM|Any CPU.ActiveCfg = Release|Any CPU
		{59638A98-D6B6-4919-82CD-475CAA84D2C3}.CD_ROM|Any CPU.Build.0 = Release|Any CPU
		{59638A98-D6B6-4919-82CD-475CAA84D2C3}.CD_ROM|Mixed Platforms.ActiveCfg = Release|Any CPU
		{59638A98-D6B6-4919-82CD-475CAA84D2C3}.CD_ROM|Mixed Platforms.Build.0 = Release|Any CPU
		{59638A98-D6B6-4919-82CD-475CAA84D2C3}.CD_ROM|x64.ActiveCfg = Release|Any CPU
		{59638A98-D6B6-4919-82CD-475CAA84D2C3}.CD_ROM|x86.ActiveCfg = Release|Any CPU
		{59638A98-D6B6-4919-82CD-475CAA84D2C3}.Debug|Any CPU.ActiveCfg = Debug|Any CPU
		{59638A98-D6B6-4919-82CD-475CAA84D2C3}.Debug|Any CPU.Build.0 = Debug|Any CPU
		{59638A98-D6B6-4919-82CD-475CAA84D2C3}.Debug|Mixed Platforms.ActiveCfg = Debug|Any CPU
		{59638A98-D6B6-4919-82CD-475CAA84D2C3}.Debug|Mixed Platforms.Build.0 = Debug|Any CPU
		{59638A98-D6B6-4919-82CD-475CAA84D2C3}.Debug|x64.ActiveCfg = Debug|Any CPU
		{59638A98-D6B6-4919-82CD-475CAA84D2C3}.Debug|x86.ActiveCfg = Debug|x86
		{59638A98-D6B6-4919-82CD-475CAA84D2C3}.Debug|x86.Build.0 = Debug|x86
		{59638A98-D6B6-4919-82CD-475CAA84D2C3}.DVD-5|Any CPU.ActiveCfg = Debug|Any CPU
		{59638A98-D6B6-4919-82CD-475CAA84D2C3}.DVD-5|Any CPU.Build.0 = Debug|Any CPU
		{59638A98-D6B6-4919-82CD-475CAA84D2C3}.DVD-5|Mixed Platforms.ActiveCfg = Debug|Any CPU
		{59638A98-D6B6-4919-82CD-475CAA84D2C3}.DVD-5|Mixed Platforms.Build.0 = Debug|Any CPU
		{59638A98-D6B6-4919-82CD-475CAA84D2C3}.DVD-5|x64.ActiveCfg = Debug|Any CPU
		{59638A98-D6B6-4919-82CD-475CAA84D2C3}.DVD-5|x86.ActiveCfg = Debug|Any CPU
		{59638A98-D6B6-4919-82CD-475CAA84D2C3}.Release|Any CPU.ActiveCfg = Release|Any CPU
		{59638A98-D6B6-4919-82CD-475CAA84D2C3}.Release|Any CPU.Build.0 = Release|Any CPU
		{59638A98-D6B6-4919-82CD-475CAA84D2C3}.Release|Mixed Platforms.ActiveCfg = Release|Any CPU
		{59638A98-D6B6-4919-82CD-475CAA84D2C3}.Release|Mixed Platforms.Build.0 = Release|Any CPU
		{59638A98-D6B6-4919-82CD-475CAA84D2C3}.Release|x64.ActiveCfg = Release|x64
		{59638A98-D6B6-4919-82CD-475CAA84D2C3}.Release|x64.Build.0 = Release|x64
		{59638A98-D6B6-4919-82CD-475CAA84D2C3}.Release|x86.ActiveCfg = Release|x86
		{59638A98-D6B6-4919-82CD-475CAA84D2C3}.Release|x86.Build.0 = Release|x86
		{59638A98-D6B6-4919-82CD-475CAA84D2C3}.Release2|Any CPU.ActiveCfg = Release|Any CPU
		{59638A98-D6B6-4919-82CD-475CAA84D2C3}.Release2|Any CPU.Build.0 = Release|Any CPU
		{59638A98-D6B6-4919-82CD-475CAA84D2C3}.Release2|Mixed Platforms.ActiveCfg = Release|Any CPU
		{59638A98-D6B6-4919-82CD-475CAA84D2C3}.Release2|Mixed Platforms.Build.0 = Release|Any CPU
		{59638A98-D6B6-4919-82CD-475CAA84D2C3}.Release2|x64.ActiveCfg = Release|Any CPU
		{59638A98-D6B6-4919-82CD-475CAA84D2C3}.Release2|x86.ActiveCfg = Release|Any CPU
		{59638A98-D6B6-4919-82CD-475CAA84D2C3}.SingleImage|Any CPU.ActiveCfg = Release|Any CPU
		{59638A98-D6B6-4919-82CD-475CAA84D2C3}.SingleImage|Any CPU.Build.0 = Release|Any CPU
		{59638A98-D6B6-4919-82CD-475CAA84D2C3}.SingleImage|Mixed Platforms.ActiveCfg = Release|Any CPU
		{59638A98-D6B6-4919-82CD-475CAA84D2C3}.SingleImage|Mixed Platforms.Build.0 = Release|Any CPU
		{59638A98-D6B6-4919-82CD-475CAA84D2C3}.SingleImage|x64.ActiveCfg = Release|Any CPU
		{59638A98-D6B6-4919-82CD-475CAA84D2C3}.SingleImage|x86.ActiveCfg = Release|Any CPU
		{33452551-35FD-49E2-8A98-DA3213807245}.CD_ROM|Any CPU.ActiveCfg = Release|x86
		{33452551-35FD-49E2-8A98-DA3213807245}.CD_ROM|Mixed Platforms.ActiveCfg = Release|x86
		{33452551-35FD-49E2-8A98-DA3213807245}.CD_ROM|Mixed Platforms.Build.0 = Release|x86
		{33452551-35FD-49E2-8A98-DA3213807245}.CD_ROM|x64.ActiveCfg = Release|x86
		{33452551-35FD-49E2-8A98-DA3213807245}.CD_ROM|x86.ActiveCfg = Release|x86
		{33452551-35FD-49E2-8A98-DA3213807245}.CD_ROM|x86.Build.0 = Release|x86
		{33452551-35FD-49E2-8A98-DA3213807245}.Debug|Any CPU.ActiveCfg = Debug|Any CPU
		{33452551-35FD-49E2-8A98-DA3213807245}.Debug|Mixed Platforms.ActiveCfg = Debug|x86
		{33452551-35FD-49E2-8A98-DA3213807245}.Debug|Mixed Platforms.Build.0 = Debug|x86
		{33452551-35FD-49E2-8A98-DA3213807245}.Debug|x64.ActiveCfg = Debug|x86
		{33452551-35FD-49E2-8A98-DA3213807245}.Debug|x86.ActiveCfg = Debug|x86
		{33452551-35FD-49E2-8A98-DA3213807245}.Debug|x86.Build.0 = Debug|x86
		{33452551-35FD-49E2-8A98-DA3213807245}.DVD-5|Any CPU.ActiveCfg = Debug|x86
		{33452551-35FD-49E2-8A98-DA3213807245}.DVD-5|Mixed Platforms.ActiveCfg = Debug|x86
		{33452551-35FD-49E2-8A98-DA3213807245}.DVD-5|Mixed Platforms.Build.0 = Debug|x86
		{33452551-35FD-49E2-8A98-DA3213807245}.DVD-5|x64.ActiveCfg = Debug|x86
		{33452551-35FD-49E2-8A98-DA3213807245}.DVD-5|x86.ActiveCfg = Debug|x86
		{33452551-35FD-49E2-8A98-DA3213807245}.DVD-5|x86.Build.0 = Debug|x86
		{33452551-35FD-49E2-8A98-DA3213807245}.Release|Any CPU.ActiveCfg = Release|Any CPU
		{33452551-35FD-49E2-8A98-DA3213807245}.Release|Mixed Platforms.ActiveCfg = Release|x86
		{33452551-35FD-49E2-8A98-DA3213807245}.Release|Mixed Platforms.Build.0 = Release|x86
		{33452551-35FD-49E2-8A98-DA3213807245}.Release|x64.ActiveCfg = Release|Any CPU
		{33452551-35FD-49E2-8A98-DA3213807245}.Release|x86.ActiveCfg = Release|x86
		{33452551-35FD-49E2-8A98-DA3213807245}.Release2|Any CPU.ActiveCfg = Release|x86
		{33452551-35FD-49E2-8A98-DA3213807245}.Release2|Mixed Platforms.ActiveCfg = Release|x86
		{33452551-35FD-49E2-8A98-DA3213807245}.Release2|Mixed Platforms.Build.0 = Release|x86
		{33452551-35FD-49E2-8A98-DA3213807245}.Release2|x64.ActiveCfg = Release|x86
		{33452551-35FD-49E2-8A98-DA3213807245}.Release2|x86.ActiveCfg = Release|x86
		{33452551-35FD-49E2-8A98-DA3213807245}.Release2|x86.Build.0 = Release|x86
		{33452551-35FD-49E2-8A98-DA3213807245}.SingleImage|Any CPU.ActiveCfg = Release|x86
		{33452551-35FD-49E2-8A98-DA3213807245}.SingleImage|Mixed Platforms.ActiveCfg = Release|x86
		{33452551-35FD-49E2-8A98-DA3213807245}.SingleImage|Mixed Platforms.Build.0 = Release|x86
		{33452551-35FD-49E2-8A98-DA3213807245}.SingleImage|x64.ActiveCfg = Release|x86
		{33452551-35FD-49E2-8A98-DA3213807245}.SingleImage|x86.ActiveCfg = Release|x86
		{33452551-35FD-49E2-8A98-DA3213807245}.SingleImage|x86.Build.0 = Release|x86
		{59461243-FBE7-46C6-900E-EB90A4F8123F}.CD_ROM|Any CPU.ActiveCfg = Release|x86
		{59461243-FBE7-46C6-900E-EB90A4F8123F}.CD_ROM|Mixed Platforms.ActiveCfg = Release|x86
		{59461243-FBE7-46C6-900E-EB90A4F8123F}.CD_ROM|Mixed Platforms.Build.0 = Release|x86
		{59461243-FBE7-46C6-900E-EB90A4F8123F}.CD_ROM|x64.ActiveCfg = Release|x86
		{59461243-FBE7-46C6-900E-EB90A4F8123F}.CD_ROM|x86.ActiveCfg = Release|x86
		{59461243-FBE7-46C6-900E-EB90A4F8123F}.CD_ROM|x86.Build.0 = Release|x86
		{59461243-FBE7-46C6-900E-EB90A4F8123F}.Debug|Any CPU.ActiveCfg = Debug|Any CPU
		{59461243-FBE7-46C6-900E-EB90A4F8123F}.Debug|Any CPU.Build.0 = Debug|Any CPU
		{59461243-FBE7-46C6-900E-EB90A4F8123F}.Debug|Mixed Platforms.ActiveCfg = Debug|x86
		{59461243-FBE7-46C6-900E-EB90A4F8123F}.Debug|Mixed Platforms.Build.0 = Debug|x86
		{59461243-FBE7-46C6-900E-EB90A4F8123F}.Debug|x64.ActiveCfg = Debug|x86
		{59461243-FBE7-46C6-900E-EB90A4F8123F}.Debug|x86.ActiveCfg = Debug|x86
		{59461243-FBE7-46C6-900E-EB90A4F8123F}.Debug|x86.Build.0 = Debug|x86
		{59461243-FBE7-46C6-900E-EB90A4F8123F}.DVD-5|Any CPU.ActiveCfg = Debug|x86
		{59461243-FBE7-46C6-900E-EB90A4F8123F}.DVD-5|Mixed Platforms.ActiveCfg = Debug|x86
		{59461243-FBE7-46C6-900E-EB90A4F8123F}.DVD-5|Mixed Platforms.Build.0 = Debug|x86
		{59461243-FBE7-46C6-900E-EB90A4F8123F}.DVD-5|x64.ActiveCfg = Debug|x86
		{59461243-FBE7-46C6-900E-EB90A4F8123F}.DVD-5|x86.ActiveCfg = Debug|x86
		{59461243-FBE7-46C6-900E-EB90A4F8123F}.DVD-5|x86.Build.0 = Debug|x86
		{59461243-FBE7-46C6-900E-EB90A4F8123F}.Release|Any CPU.ActiveCfg = Release|Any CPU
		{59461243-FBE7-46C6-900E-EB90A4F8123F}.Release|Any CPU.Build.0 = Release|Any CPU
		{59461243-FBE7-46C6-900E-EB90A4F8123F}.Release|Mixed Platforms.ActiveCfg = Release|x86
		{59461243-FBE7-46C6-900E-EB90A4F8123F}.Release|Mixed Platforms.Build.0 = Release|x86
		{59461243-FBE7-46C6-900E-EB90A4F8123F}.Release|x64.ActiveCfg = Release|x64
		{59461243-FBE7-46C6-900E-EB90A4F8123F}.Release|x64.Build.0 = Release|x64
		{59461243-FBE7-46C6-900E-EB90A4F8123F}.Release|x86.ActiveCfg = Release|x86
		{59461243-FBE7-46C6-900E-EB90A4F8123F}.Release|x86.Build.0 = Release|x86
		{59461243-FBE7-46C6-900E-EB90A4F8123F}.Release2|Any CPU.ActiveCfg = Release|x86
		{59461243-FBE7-46C6-900E-EB90A4F8123F}.Release2|Mixed Platforms.ActiveCfg = Release|x86
		{59461243-FBE7-46C6-900E-EB90A4F8123F}.Release2|Mixed Platforms.Build.0 = Release|x86
		{59461243-FBE7-46C6-900E-EB90A4F8123F}.Release2|x64.ActiveCfg = Release|x86
		{59461243-FBE7-46C6-900E-EB90A4F8123F}.Release2|x86.ActiveCfg = Release|x86
		{59461243-FBE7-46C6-900E-EB90A4F8123F}.Release2|x86.Build.0 = Release|x86
		{59461243-FBE7-46C6-900E-EB90A4F8123F}.SingleImage|Any CPU.ActiveCfg = Release|x86
		{59461243-FBE7-46C6-900E-EB90A4F8123F}.SingleImage|Mixed Platforms.ActiveCfg = Release|x86
		{59461243-FBE7-46C6-900E-EB90A4F8123F}.SingleImage|Mixed Platforms.Build.0 = Release|x86
		{59461243-FBE7-46C6-900E-EB90A4F8123F}.SingleImage|x64.ActiveCfg = Release|x86
		{59461243-FBE7-46C6-900E-EB90A4F8123F}.SingleImage|x86.ActiveCfg = Release|x86
		{59461243-FBE7-46C6-900E-EB90A4F8123F}.SingleImage|x86.Build.0 = Release|x86
		{827ED39D-DD2A-4122-8DBE-7D80B162FE08}.CD_ROM|Any CPU.ActiveCfg = Release|Any CPU
		{827ED39D-DD2A-4122-8DBE-7D80B162FE08}.CD_ROM|Any CPU.Build.0 = Release|Any CPU
		{827ED39D-DD2A-4122-8DBE-7D80B162FE08}.CD_ROM|Mixed Platforms.ActiveCfg = Release|Any CPU
		{827ED39D-DD2A-4122-8DBE-7D80B162FE08}.CD_ROM|Mixed Platforms.Build.0 = Release|Any CPU
		{827ED39D-DD2A-4122-8DBE-7D80B162FE08}.CD_ROM|x64.ActiveCfg = Release|Any CPU
		{827ED39D-DD2A-4122-8DBE-7D80B162FE08}.CD_ROM|x86.ActiveCfg = Release|Any CPU
		{827ED39D-DD2A-4122-8DBE-7D80B162FE08}.Debug|Any CPU.ActiveCfg = Debug|x64
		{827ED39D-DD2A-4122-8DBE-7D80B162FE08}.Debug|Any CPU.Build.0 = Debug|x64
		{827ED39D-DD2A-4122-8DBE-7D80B162FE08}.Debug|Mixed Platforms.ActiveCfg = Debug|Any CPU
		{827ED39D-DD2A-4122-8DBE-7D80B162FE08}.Debug|Mixed Platforms.Build.0 = Debug|Any CPU
		{827ED39D-DD2A-4122-8DBE-7D80B162FE08}.Debug|x64.ActiveCfg = Debug|Any CPU
		{827ED39D-DD2A-4122-8DBE-7D80B162FE08}.Debug|x86.ActiveCfg = Debug|x86
		{827ED39D-DD2A-4122-8DBE-7D80B162FE08}.Debug|x86.Build.0 = Debug|x86
		{827ED39D-DD2A-4122-8DBE-7D80B162FE08}.DVD-5|Any CPU.ActiveCfg = Debug|Any CPU
		{827ED39D-DD2A-4122-8DBE-7D80B162FE08}.DVD-5|Any CPU.Build.0 = Debug|Any CPU
		{827ED39D-DD2A-4122-8DBE-7D80B162FE08}.DVD-5|Mixed Platforms.ActiveCfg = Debug|Any CPU
		{827ED39D-DD2A-4122-8DBE-7D80B162FE08}.DVD-5|Mixed Platforms.Build.0 = Debug|Any CPU
		{827ED39D-DD2A-4122-8DBE-7D80B162FE08}.DVD-5|x64.ActiveCfg = Debug|Any CPU
		{827ED39D-DD2A-4122-8DBE-7D80B162FE08}.DVD-5|x86.ActiveCfg = Debug|Any CPU
		{827ED39D-DD2A-4122-8DBE-7D80B162FE08}.Release|Any CPU.ActiveCfg = Release|Any CPU
		{827ED39D-DD2A-4122-8DBE-7D80B162FE08}.Release|Any CPU.Build.0 = Release|Any CPU
		{827ED39D-DD2A-4122-8DBE-7D80B162FE08}.Release|Mixed Platforms.ActiveCfg = Release|Any CPU
		{827ED39D-DD2A-4122-8DBE-7D80B162FE08}.Release|Mixed Platforms.Build.0 = Release|Any CPU
		{827ED39D-DD2A-4122-8DBE-7D80B162FE08}.Release|x64.ActiveCfg = Release|x64
		{827ED39D-DD2A-4122-8DBE-7D80B162FE08}.Release|x64.Build.0 = Release|x64
		{827ED39D-DD2A-4122-8DBE-7D80B162FE08}.Release|x86.ActiveCfg = Release|x86
		{827ED39D-DD2A-4122-8DBE-7D80B162FE08}.Release|x86.Build.0 = Release|x86
		{827ED39D-DD2A-4122-8DBE-7D80B162FE08}.Release2|Any CPU.ActiveCfg = Release|Any CPU
		{827ED39D-DD2A-4122-8DBE-7D80B162FE08}.Release2|Any CPU.Build.0 = Release|Any CPU
		{827ED39D-DD2A-4122-8DBE-7D80B162FE08}.Release2|Mixed Platforms.ActiveCfg = Release|Any CPU
		{827ED39D-DD2A-4122-8DBE-7D80B162FE08}.Release2|Mixed Platforms.Build.0 = Release|Any CPU
		{827ED39D-DD2A-4122-8DBE-7D80B162FE08}.Release2|x64.ActiveCfg = Release|Any CPU
		{827ED39D-DD2A-4122-8DBE-7D80B162FE08}.Release2|x86.ActiveCfg = Release|Any CPU
		{827ED39D-DD2A-4122-8DBE-7D80B162FE08}.SingleImage|Any CPU.ActiveCfg = Release|Any CPU
		{827ED39D-DD2A-4122-8DBE-7D80B162FE08}.SingleImage|Any CPU.Build.0 = Release|Any CPU
		{827ED39D-DD2A-4122-8DBE-7D80B162FE08}.SingleImage|Mixed Platforms.ActiveCfg = Release|Any CPU
		{827ED39D-DD2A-4122-8DBE-7D80B162FE08}.SingleImage|Mixed Platforms.Build.0 = Release|Any CPU
		{827ED39D-DD2A-4122-8DBE-7D80B162FE08}.SingleImage|x64.ActiveCfg = Release|Any CPU
		{827ED39D-DD2A-4122-8DBE-7D80B162FE08}.SingleImage|x86.ActiveCfg = Release|Any CPU
		{24084674-6354-4FA9-93F7-D7B4EA65076A}.CD_ROM|Any CPU.ActiveCfg = Release|Any CPU
		{24084674-6354-4FA9-93F7-D7B4EA65076A}.CD_ROM|Any CPU.Build.0 = Release|Any CPU
		{24084674-6354-4FA9-93F7-D7B4EA65076A}.CD_ROM|Mixed Platforms.ActiveCfg = Release|Any CPU
		{24084674-6354-4FA9-93F7-D7B4EA65076A}.CD_ROM|Mixed Platforms.Build.0 = Release|Any CPU
		{24084674-6354-4FA9-93F7-D7B4EA65076A}.CD_ROM|x64.ActiveCfg = Release|Any CPU
		{24084674-6354-4FA9-93F7-D7B4EA65076A}.CD_ROM|x86.ActiveCfg = Release|Any CPU
		{24084674-6354-4FA9-93F7-D7B4EA65076A}.Debug|Any CPU.ActiveCfg = Debug|Any CPU
		{24084674-6354-4FA9-93F7-D7B4EA65076A}.Debug|Any CPU.Build.0 = Debug|Any CPU
		{24084674-6354-4FA9-93F7-D7B4EA65076A}.Debug|Mixed Platforms.ActiveCfg = Debug|Any CPU
		{24084674-6354-4FA9-93F7-D7B4EA65076A}.Debug|Mixed Platforms.Build.0 = Debug|Any CPU
		{24084674-6354-4FA9-93F7-D7B4EA65076A}.Debug|x64.ActiveCfg = Debug|Any CPU
		{24084674-6354-4FA9-93F7-D7B4EA65076A}.Debug|x86.ActiveCfg = Debug|x86
		{24084674-6354-4FA9-93F7-D7B4EA65076A}.Debug|x86.Build.0 = Debug|x86
		{24084674-6354-4FA9-93F7-D7B4EA65076A}.DVD-5|Any CPU.ActiveCfg = Debug|Any CPU
		{24084674-6354-4FA9-93F7-D7B4EA65076A}.DVD-5|Any CPU.Build.0 = Debug|Any CPU
		{24084674-6354-4FA9-93F7-D7B4EA65076A}.DVD-5|Mixed Platforms.ActiveCfg = Debug|Any CPU
		{24084674-6354-4FA9-93F7-D7B4EA65076A}.DVD-5|Mixed Platforms.Build.0 = Debug|Any CPU
		{24084674-6354-4FA9-93F7-D7B4EA65076A}.DVD-5|x64.ActiveCfg = Debug|Any CPU
		{24084674-6354-4FA9-93F7-D7B4EA65076A}.DVD-5|x86.ActiveCfg = Debug|Any CPU
		{24084674-6354-4FA9-93F7-D7B4EA65076A}.Release|Any CPU.ActiveCfg = Release|Any CPU
		{24084674-6354-4FA9-93F7-D7B4EA65076A}.Release|Any CPU.Build.0 = Release|Any CPU
		{24084674-6354-4FA9-93F7-D7B4EA65076A}.Release|Mixed Platforms.ActiveCfg = Release|Any CPU
		{24084674-6354-4FA9-93F7-D7B4EA65076A}.Release|Mixed Platforms.Build.0 = Release|Any CPU
		{24084674-6354-4FA9-93F7-D7B4EA65076A}.Release|x64.ActiveCfg = Release|x64
		{24084674-6354-4FA9-93F7-D7B4EA65076A}.Release|x64.Build.0 = Release|x64
		{24084674-6354-4FA9-93F7-D7B4EA65076A}.Release|x86.ActiveCfg = Release|x86
		{24084674-6354-4FA9-93F7-D7B4EA65076A}.Release|x86.Build.0 = Release|x86
		{24084674-6354-4FA9-93F7-D7B4EA65076A}.Release2|Any CPU.ActiveCfg = Release|Any CPU
		{24084674-6354-4FA9-93F7-D7B4EA65076A}.Release2|Any CPU.Build.0 = Release|Any CPU
		{24084674-6354-4FA9-93F7-D7B4EA65076A}.Release2|Mixed Platforms.ActiveCfg = Release|Any CPU
		{24084674-6354-4FA9-93F7-D7B4EA65076A}.Release2|Mixed Platforms.Build.0 = Release|Any CPU
		{24084674-6354-4FA9-93F7-D7B4EA65076A}.Release2|x64.ActiveCfg = Release|Any CPU
		{24084674-6354-4FA9-93F7-D7B4EA65076A}.Release2|x86.ActiveCfg = Release|Any CPU
		{24084674-6354-4FA9-93F7-D7B4EA65076A}.SingleImage|Any CPU.ActiveCfg = Release|Any CPU
		{24084674-6354-4FA9-93F7-D7B4EA65076A}.SingleImage|Any CPU.Build.0 = Release|Any CPU
		{24084674-6354-4FA9-93F7-D7B4EA65076A}.SingleImage|Mixed Platforms.ActiveCfg = Release|Any CPU
		{24084674-6354-4FA9-93F7-D7B4EA65076A}.SingleImage|Mixed Platforms.Build.0 = Release|Any CPU
		{24084674-6354-4FA9-93F7-D7B4EA65076A}.SingleImage|x64.ActiveCfg = Release|Any CPU
		{24084674-6354-4FA9-93F7-D7B4EA65076A}.SingleImage|x86.ActiveCfg = Release|Any CPU
		{5D4639AF-D15A-40A7-B283-844C9DE2CC20}.CD_ROM|Any CPU.ActiveCfg = Release|Any CPU
		{5D4639AF-D15A-40A7-B283-844C9DE2CC20}.CD_ROM|Any CPU.Build.0 = Release|Any CPU
		{5D4639AF-D15A-40A7-B283-844C9DE2CC20}.CD_ROM|Mixed Platforms.ActiveCfg = Release|Any CPU
		{5D4639AF-D15A-40A7-B283-844C9DE2CC20}.CD_ROM|Mixed Platforms.Build.0 = Release|Any CPU
		{5D4639AF-D15A-40A7-B283-844C9DE2CC20}.CD_ROM|x64.ActiveCfg = Release|Any CPU
		{5D4639AF-D15A-40A7-B283-844C9DE2CC20}.CD_ROM|x86.ActiveCfg = Release|Any CPU
		{5D4639AF-D15A-40A7-B283-844C9DE2CC20}.Debug|Any CPU.ActiveCfg = Debug|Any CPU
		{5D4639AF-D15A-40A7-B283-844C9DE2CC20}.Debug|Any CPU.Build.0 = Debug|Any CPU
		{5D4639AF-D15A-40A7-B283-844C9DE2CC20}.Debug|Mixed Platforms.ActiveCfg = Debug|Any CPU
		{5D4639AF-D15A-40A7-B283-844C9DE2CC20}.Debug|Mixed Platforms.Build.0 = Debug|Any CPU
		{5D4639AF-D15A-40A7-B283-844C9DE2CC20}.Debug|x64.ActiveCfg = Debug|x64
		{5D4639AF-D15A-40A7-B283-844C9DE2CC20}.Debug|x64.Build.0 = Debug|x64
		{5D4639AF-D15A-40A7-B283-844C9DE2CC20}.Debug|x86.ActiveCfg = Debug|x86
		{5D4639AF-D15A-40A7-B283-844C9DE2CC20}.Debug|x86.Build.0 = Debug|x86
		{5D4639AF-D15A-40A7-B283-844C9DE2CC20}.DVD-5|Any CPU.ActiveCfg = Debug|Any CPU
		{5D4639AF-D15A-40A7-B283-844C9DE2CC20}.DVD-5|Any CPU.Build.0 = Debug|Any CPU
		{5D4639AF-D15A-40A7-B283-844C9DE2CC20}.DVD-5|Mixed Platforms.ActiveCfg = Debug|Any CPU
		{5D4639AF-D15A-40A7-B283-844C9DE2CC20}.DVD-5|Mixed Platforms.Build.0 = Debug|Any CPU
		{5D4639AF-D15A-40A7-B283-844C9DE2CC20}.DVD-5|x64.ActiveCfg = Debug|Any CPU
		{5D4639AF-D15A-40A7-B283-844C9DE2CC20}.DVD-5|x86.ActiveCfg = Debug|Any CPU
		{5D4639AF-D15A-40A7-B283-844C9DE2CC20}.Release|Any CPU.ActiveCfg = Release|Any CPU
		{5D4639AF-D15A-40A7-B283-844C9DE2CC20}.Release|Any CPU.Build.0 = Release|Any CPU
		{5D4639AF-D15A-40A7-B283-844C9DE2CC20}.Release|Mixed Platforms.ActiveCfg = Release|Any CPU
		{5D4639AF-D15A-40A7-B283-844C9DE2CC20}.Release|Mixed Platforms.Build.0 = Release|Any CPU
		{5D4639AF-D15A-40A7-B283-844C9DE2CC20}.Release|x64.ActiveCfg = Release|x64
		{5D4639AF-D15A-40A7-B283-844C9DE2CC20}.Release|x64.Build.0 = Release|x64
		{5D4639AF-D15A-40A7-B283-844C9DE2CC20}.Release|x86.ActiveCfg = Release|x86
		{5D4639AF-D15A-40A7-B283-844C9DE2CC20}.Release|x86.Build.0 = Release|x86
		{5D4639AF-D15A-40A7-B283-844C9DE2CC20}.Release2|Any CPU.ActiveCfg = Release|Any CPU
		{5D4639AF-D15A-40A7-B283-844C9DE2CC20}.Release2|Any CPU.Build.0 = Release|Any CPU
		{5D4639AF-D15A-40A7-B283-844C9DE2CC20}.Release2|Mixed Platforms.ActiveCfg = Release|Any CPU
		{5D4639AF-D15A-40A7-B283-844C9DE2CC20}.Release2|Mixed Platforms.Build.0 = Release|Any CPU
		{5D4639AF-D15A-40A7-B283-844C9DE2CC20}.Release2|x64.ActiveCfg = Release|Any CPU
		{5D4639AF-D15A-40A7-B283-844C9DE2CC20}.Release2|x86.ActiveCfg = Release|Any CPU
		{5D4639AF-D15A-40A7-B283-844C9DE2CC20}.SingleImage|Any CPU.ActiveCfg = Release|Any CPU
		{5D4639AF-D15A-40A7-B283-844C9DE2CC20}.SingleImage|Any CPU.Build.0 = Release|Any CPU
		{5D4639AF-D15A-40A7-B283-844C9DE2CC20}.SingleImage|Mixed Platforms.ActiveCfg = Release|Any CPU
		{5D4639AF-D15A-40A7-B283-844C9DE2CC20}.SingleImage|Mixed Platforms.Build.0 = Release|Any CPU
		{5D4639AF-D15A-40A7-B283-844C9DE2CC20}.SingleImage|x64.ActiveCfg = Release|Any CPU
		{5D4639AF-D15A-40A7-B283-844C9DE2CC20}.SingleImage|x86.ActiveCfg = Release|Any CPU
		{F7BDB536-0CB3-4636-ACDA-5ACBD17CB64B}.CD_ROM|Any CPU.ActiveCfg = Release|Any CPU
		{F7BDB536-0CB3-4636-ACDA-5ACBD17CB64B}.CD_ROM|Any CPU.Build.0 = Release|Any CPU
		{F7BDB536-0CB3-4636-ACDA-5ACBD17CB64B}.CD_ROM|Mixed Platforms.ActiveCfg = Release|Any CPU
		{F7BDB536-0CB3-4636-ACDA-5ACBD17CB64B}.CD_ROM|Mixed Platforms.Build.0 = Release|Any CPU
		{F7BDB536-0CB3-4636-ACDA-5ACBD17CB64B}.CD_ROM|x64.ActiveCfg = Release|Any CPU
		{F7BDB536-0CB3-4636-ACDA-5ACBD17CB64B}.CD_ROM|x86.ActiveCfg = Release|Any CPU
		{F7BDB536-0CB3-4636-ACDA-5ACBD17CB64B}.Debug|Any CPU.ActiveCfg = Debug|Any CPU
		{F7BDB536-0CB3-4636-ACDA-5ACBD17CB64B}.Debug|Any CPU.Build.0 = Debug|Any CPU
		{F7BDB536-0CB3-4636-ACDA-5ACBD17CB64B}.Debug|Mixed Platforms.ActiveCfg = Debug|Any CPU
		{F7BDB536-0CB3-4636-ACDA-5ACBD17CB64B}.Debug|Mixed Platforms.Build.0 = Debug|Any CPU
		{F7BDB536-0CB3-4636-ACDA-5ACBD17CB64B}.Debug|x64.ActiveCfg = Debug|Any CPU
		{F7BDB536-0CB3-4636-ACDA-5ACBD17CB64B}.Debug|x86.ActiveCfg = Debug|x86
		{F7BDB536-0CB3-4636-ACDA-5ACBD17CB64B}.Debug|x86.Build.0 = Debug|x86
		{F7BDB536-0CB3-4636-ACDA-5ACBD17CB64B}.DVD-5|Any CPU.ActiveCfg = Debug|Any CPU
		{F7BDB536-0CB3-4636-ACDA-5ACBD17CB64B}.DVD-5|Any CPU.Build.0 = Debug|Any CPU
		{F7BDB536-0CB3-4636-ACDA-5ACBD17CB64B}.DVD-5|Mixed Platforms.ActiveCfg = Debug|Any CPU
		{F7BDB536-0CB3-4636-ACDA-5ACBD17CB64B}.DVD-5|Mixed Platforms.Build.0 = Debug|Any CPU
		{F7BDB536-0CB3-4636-ACDA-5ACBD17CB64B}.DVD-5|x64.ActiveCfg = Debug|Any CPU
		{F7BDB536-0CB3-4636-ACDA-5ACBD17CB64B}.DVD-5|x86.ActiveCfg = Debug|Any CPU
		{F7BDB536-0CB3-4636-ACDA-5ACBD17CB64B}.Release|Any CPU.ActiveCfg = Release|Any CPU
		{F7BDB536-0CB3-4636-ACDA-5ACBD17CB64B}.Release|Any CPU.Build.0 = Release|Any CPU
		{F7BDB536-0CB3-4636-ACDA-5ACBD17CB64B}.Release|Mixed Platforms.ActiveCfg = Release|Any CPU
		{F7BDB536-0CB3-4636-ACDA-5ACBD17CB64B}.Release|Mixed Platforms.Build.0 = Release|Any CPU
		{F7BDB536-0CB3-4636-ACDA-5ACBD17CB64B}.Release|x64.ActiveCfg = Release|x64
		{F7BDB536-0CB3-4636-ACDA-5ACBD17CB64B}.Release|x64.Build.0 = Release|x64
		{F7BDB536-0CB3-4636-ACDA-5ACBD17CB64B}.Release|x86.ActiveCfg = Release|x86
		{F7BDB536-0CB3-4636-ACDA-5ACBD17CB64B}.Release|x86.Build.0 = Release|x86
		{F7BDB536-0CB3-4636-ACDA-5ACBD17CB64B}.Release2|Any CPU.ActiveCfg = Release|Any CPU
		{F7BDB536-0CB3-4636-ACDA-5ACBD17CB64B}.Release2|Any CPU.Build.0 = Release|Any CPU
		{F7BDB536-0CB3-4636-ACDA-5ACBD17CB64B}.Release2|Mixed Platforms.ActiveCfg = Release|Any CPU
		{F7BDB536-0CB3-4636-ACDA-5ACBD17CB64B}.Release2|Mixed Platforms.Build.0 = Release|Any CPU
		{F7BDB536-0CB3-4636-ACDA-5ACBD17CB64B}.Release2|x64.ActiveCfg = Release|Any CPU
		{F7BDB536-0CB3-4636-ACDA-5ACBD17CB64B}.Release2|x86.ActiveCfg = Release|Any CPU
		{F7BDB536-0CB3-4636-ACDA-5ACBD17CB64B}.SingleImage|Any CPU.ActiveCfg = Release|Any CPU
		{F7BDB536-0CB3-4636-ACDA-5ACBD17CB64B}.SingleImage|Any CPU.Build.0 = Release|Any CPU
		{F7BDB536-0CB3-4636-ACDA-5ACBD17CB64B}.SingleImage|Mixed Platforms.ActiveCfg = Release|Any CPU
		{F7BDB536-0CB3-4636-ACDA-5ACBD17CB64B}.SingleImage|Mixed Platforms.Build.0 = Release|Any CPU
		{F7BDB536-0CB3-4636-ACDA-5ACBD17CB64B}.SingleImage|x64.ActiveCfg = Release|Any CPU
		{F7BDB536-0CB3-4636-ACDA-5ACBD17CB64B}.SingleImage|x86.ActiveCfg = Release|Any CPU
		{C2FA93DC-4C6A-46AC-A266-F086D90AC294}.CD_ROM|Any CPU.ActiveCfg = Release|Any CPU
		{C2FA93DC-4C6A-46AC-A266-F086D90AC294}.CD_ROM|Any CPU.Build.0 = Release|Any CPU
		{C2FA93DC-4C6A-46AC-A266-F086D90AC294}.CD_ROM|Mixed Platforms.ActiveCfg = Release|Any CPU
		{C2FA93DC-4C6A-46AC-A266-F086D90AC294}.CD_ROM|Mixed Platforms.Build.0 = Release|Any CPU
		{C2FA93DC-4C6A-46AC-A266-F086D90AC294}.CD_ROM|x64.ActiveCfg = Release|Any CPU
		{C2FA93DC-4C6A-46AC-A266-F086D90AC294}.CD_ROM|x86.ActiveCfg = Release|Any CPU
		{C2FA93DC-4C6A-46AC-A266-F086D90AC294}.Debug|Any CPU.ActiveCfg = Debug|Any CPU
		{C2FA93DC-4C6A-46AC-A266-F086D90AC294}.Debug|Any CPU.Build.0 = Debug|Any CPU
		{C2FA93DC-4C6A-46AC-A266-F086D90AC294}.Debug|Mixed Platforms.ActiveCfg = Debug|Any CPU
		{C2FA93DC-4C6A-46AC-A266-F086D90AC294}.Debug|Mixed Platforms.Build.0 = Debug|Any CPU
		{C2FA93DC-4C6A-46AC-A266-F086D90AC294}.Debug|x64.ActiveCfg = Debug|Any CPU
		{C2FA93DC-4C6A-46AC-A266-F086D90AC294}.Debug|x86.ActiveCfg = Debug|x86
		{C2FA93DC-4C6A-46AC-A266-F086D90AC294}.Debug|x86.Build.0 = Debug|x86
		{C2FA93DC-4C6A-46AC-A266-F086D90AC294}.DVD-5|Any CPU.ActiveCfg = Debug|Any CPU
		{C2FA93DC-4C6A-46AC-A266-F086D90AC294}.DVD-5|Any CPU.Build.0 = Debug|Any CPU
		{C2FA93DC-4C6A-46AC-A266-F086D90AC294}.DVD-5|Mixed Platforms.ActiveCfg = Debug|Any CPU
		{C2FA93DC-4C6A-46AC-A266-F086D90AC294}.DVD-5|Mixed Platforms.Build.0 = Debug|Any CPU
		{C2FA93DC-4C6A-46AC-A266-F086D90AC294}.DVD-5|x64.ActiveCfg = Debug|Any CPU
		{C2FA93DC-4C6A-46AC-A266-F086D90AC294}.DVD-5|x86.ActiveCfg = Debug|Any CPU
		{C2FA93DC-4C6A-46AC-A266-F086D90AC294}.Release|Any CPU.ActiveCfg = Release|Any CPU
		{C2FA93DC-4C6A-46AC-A266-F086D90AC294}.Release|Any CPU.Build.0 = Release|Any CPU
		{C2FA93DC-4C6A-46AC-A266-F086D90AC294}.Release|Mixed Platforms.ActiveCfg = Release|Any CPU
		{C2FA93DC-4C6A-46AC-A266-F086D90AC294}.Release|Mixed Platforms.Build.0 = Release|Any CPU
		{C2FA93DC-4C6A-46AC-A266-F086D90AC294}.Release|x64.ActiveCfg = Release|Any CPU
		{C2FA93DC-4C6A-46AC-A266-F086D90AC294}.Release|x86.ActiveCfg = Release|x86
		{C2FA93DC-4C6A-46AC-A266-F086D90AC294}.Release|x86.Build.0 = Release|x86
		{C2FA93DC-4C6A-46AC-A266-F086D90AC294}.Release2|Any CPU.ActiveCfg = Release|Any CPU
		{C2FA93DC-4C6A-46AC-A266-F086D90AC294}.Release2|Any CPU.Build.0 = Release|Any CPU
		{C2FA93DC-4C6A-46AC-A266-F086D90AC294}.Release2|Mixed Platforms.ActiveCfg = Release|Any CPU
		{C2FA93DC-4C6A-46AC-A266-F086D90AC294}.Release2|Mixed Platforms.Build.0 = Release|Any CPU
		{C2FA93DC-4C6A-46AC-A266-F086D90AC294}.Release2|x64.ActiveCfg = Release|Any CPU
		{C2FA93DC-4C6A-46AC-A266-F086D90AC294}.Release2|x86.ActiveCfg = Release|Any CPU
		{C2FA93DC-4C6A-46AC-A266-F086D90AC294}.SingleImage|Any CPU.ActiveCfg = Release|Any CPU
		{C2FA93DC-4C6A-46AC-A266-F086D90AC294}.SingleImage|Any CPU.Build.0 = Release|Any CPU
		{C2FA93DC-4C6A-46AC-A266-F086D90AC294}.SingleImage|Mixed Platforms.ActiveCfg = Release|Any CPU
		{C2FA93DC-4C6A-46AC-A266-F086D90AC294}.SingleImage|Mixed Platforms.Build.0 = Release|Any CPU
		{C2FA93DC-4C6A-46AC-A266-F086D90AC294}.SingleImage|x64.ActiveCfg = Release|Any CPU
		{C2FA93DC-4C6A-46AC-A266-F086D90AC294}.SingleImage|x86.ActiveCfg = Release|Any CPU
	EndGlobalSection
	GlobalSection(SolutionProperties) = preSolution
		HideSolutionNode = FALSE
	EndGlobalSection
EndGlobal
